// !$*UTF8*$!
{
	archiveVersion = 1;
	classes = {
	};
	objectVersion = 50;
	objects = {

/* Begin PBXBuildFile section */
		49DFEEF126DB651600749A41 /* AppDelegate.swift in Sources */ = {isa = PBXBuildFile; fileRef = 49DFEEF026DB651600749A41 /* AppDelegate.swift */; };
		49DFEEF326DB651600749A41 /* SceneDelegate.swift in Sources */ = {isa = PBXBuildFile; fileRef = 49DFEEF226DB651600749A41 /* SceneDelegate.swift */; };
		49DFEEF526DB651600749A41 /* ViewController.swift in Sources */ = {isa = PBXBuildFile; fileRef = 49DFEEF426DB651600749A41 /* ViewController.swift */; };
		49DFEEFA26DB651700749A41 /* Assets.xcassets in Resources */ = {isa = PBXBuildFile; fileRef = 49DFEEF926DB651700749A41 /* Assets.xcassets */; };
		49DFEEFD26DB651700749A41 /* LaunchScreen.storyboard in Resources */ = {isa = PBXBuildFile; fileRef = 49DFEEFB26DB651700749A41 /* LaunchScreen.storyboard */; };
		49DFF01826DCAD1400749A41 /* CathayMedia.framework in Frameworks */ = {isa = PBXBuildFile; fileRef = 49DFF01726DCAD1400749A41 /* CathayMedia.framework */; };
		49DFF01926DCAD1400749A41 /* CathayMedia.framework in Embed Frameworks */ = {isa = PBXBuildFile; fileRef = 49DFF01726DCAD1400749A41 /* CathayMedia.framework */; settings = {ATTRIBUTES = (CodeSignOnCopy, RemoveHeadersOnCopy, ); }; };
		49DFF01C26DCAD1A00749A41 /* CathayNetworking.framework in Frameworks */ = {isa = PBXBuildFile; fileRef = 49DFF01B26DCAD1A00749A41 /* CathayNetworking.framework */; };
		49DFF01D26DCAD1A00749A41 /* CathayNetworking.framework in Embed Frameworks */ = {isa = PBXBuildFile; fileRef = 49DFF01B26DCAD1A00749A41 /* CathayNetworking.framework */; settings = {ATTRIBUTES = (CodeSignOnCopy, RemoveHeadersOnCopy, ); }; };
		49DFF01F26DCAD2000749A41 /* CathayNowPlaying.framework in Frameworks */ = {isa = PBXBuildFile; fileRef = 49DFF01E26DCAD2000749A41 /* CathayNowPlaying.framework */; };
		49DFF02026DCAD2000749A41 /* CathayNowPlaying.framework in Embed Frameworks */ = {isa = PBXBuildFile; fileRef = 49DFF01E26DCAD2000749A41 /* CathayNowPlaying.framework */; settings = {ATTRIBUTES = (CodeSignOnCopy, RemoveHeadersOnCopy, ); }; };
		49DFF02226DCAD2400749A41 /* CathayNowPlayingiOS.framework in Frameworks */ = {isa = PBXBuildFile; fileRef = 49DFF02126DCAD2400749A41 /* CathayNowPlayingiOS.framework */; };
		49DFF02326DCAD2400749A41 /* CathayNowPlayingiOS.framework in Embed Frameworks */ = {isa = PBXBuildFile; fileRef = 49DFF02126DCAD2400749A41 /* CathayNowPlayingiOS.framework */; settings = {ATTRIBUTES = (CodeSignOnCopy, RemoveHeadersOnCopy, ); }; };
		49DFF02626DCAD7A00749A41 /* XCTestCase+Extensions.swift in Sources */ = {isa = PBXBuildFile; fileRef = 49DFF02526DCAD7A00749A41 /* XCTestCase+Extensions.swift */; };
		49DFF02926DCADAE00749A41 /* AuthConfig.swift in Sources */ = {isa = PBXBuildFile; fileRef = 49DFF02826DCADAE00749A41 /* AuthConfig.swift */; };
		49DFF02C26DCAE2000749A41 /* AuthenticatedHTTPClientDecorator.swift in Sources */ = {isa = PBXBuildFile; fileRef = 49DFF02B26DCAE2000749A41 /* AuthenticatedHTTPClientDecorator.swift */; };
		49DFF02F26DCAECF00749A41 /* AuthenticatedHTTPClientDecoratorTests.swift in Sources */ = {isa = PBXBuildFile; fileRef = 49DFF02E26DCAECF00749A41 /* AuthenticatedHTTPClientDecoratorTests.swift */; };
/* End PBXBuildFile section */

/* Begin PBXContainerItemProxy section */
		49DFEF0426DB651700749A41 /* PBXContainerItemProxy */ = {
			isa = PBXContainerItemProxy;
			containerPortal = 49DFEEE526DB651600749A41 /* Project object */;
			proxyType = 1;
			remoteGlobalIDString = 49DFEEEC26DB651600749A41;
			remoteInfo = CathayApp;
		};
/* End PBXContainerItemProxy section */

/* Begin PBXCopyFilesBuildPhase section */
		49DFF01A26DCAD1400749A41 /* Embed Frameworks */ = {
			isa = PBXCopyFilesBuildPhase;
			buildActionMask = 2147483647;
			dstPath = "";
			dstSubfolderSpec = 10;
			files = (
				49DFF02026DCAD2000749A41 /* CathayNowPlaying.framework in Embed Frameworks */,
				49DFF01D26DCAD1A00749A41 /* CathayNetworking.framework in Embed Frameworks */,
				49DFF02326DCAD2400749A41 /* CathayNowPlayingiOS.framework in Embed Frameworks */,
				49DFF01926DCAD1400749A41 /* CathayMedia.framework in Embed Frameworks */,
			);
			name = "Embed Frameworks";
			runOnlyForDeploymentPostprocessing = 0;
		};
/* End PBXCopyFilesBuildPhase section */

/* Begin PBXFileReference section */
		49DFEEED26DB651600749A41 /* CathayApp.app */ = {isa = PBXFileReference; explicitFileType = wrapper.application; includeInIndex = 0; path = CathayApp.app; sourceTree = BUILT_PRODUCTS_DIR; };
		49DFEEF026DB651600749A41 /* AppDelegate.swift */ = {isa = PBXFileReference; lastKnownFileType = sourcecode.swift; path = AppDelegate.swift; sourceTree = "<group>"; };
		49DFEEF226DB651600749A41 /* SceneDelegate.swift */ = {isa = PBXFileReference; lastKnownFileType = sourcecode.swift; path = SceneDelegate.swift; sourceTree = "<group>"; };
		49DFEEF426DB651600749A41 /* ViewController.swift */ = {isa = PBXFileReference; lastKnownFileType = sourcecode.swift; path = ViewController.swift; sourceTree = "<group>"; };
		49DFEEF926DB651700749A41 /* Assets.xcassets */ = {isa = PBXFileReference; lastKnownFileType = folder.assetcatalog; path = Assets.xcassets; sourceTree = "<group>"; };
		49DFEEFC26DB651700749A41 /* Base */ = {isa = PBXFileReference; lastKnownFileType = file.storyboard; name = Base; path = Base.lproj/LaunchScreen.storyboard; sourceTree = "<group>"; };
		49DFEEFE26DB651700749A41 /* Info.plist */ = {isa = PBXFileReference; lastKnownFileType = text.plist.xml; path = Info.plist; sourceTree = "<group>"; };
		49DFEF0326DB651700749A41 /* CathayAppTests.xctest */ = {isa = PBXFileReference; explicitFileType = wrapper.cfbundle; includeInIndex = 0; path = CathayAppTests.xctest; sourceTree = BUILT_PRODUCTS_DIR; };
		49DFEF0926DB651700749A41 /* Info.plist */ = {isa = PBXFileReference; lastKnownFileType = text.plist.xml; path = Info.plist; sourceTree = "<group>"; };
		49DFF01726DCAD1400749A41 /* CathayMedia.framework */ = {isa = PBXFileReference; explicitFileType = wrapper.framework; path = CathayMedia.framework; sourceTree = BUILT_PRODUCTS_DIR; };
		49DFF01B26DCAD1A00749A41 /* CathayNetworking.framework */ = {isa = PBXFileReference; explicitFileType = wrapper.framework; path = CathayNetworking.framework; sourceTree = BUILT_PRODUCTS_DIR; };
		49DFF01E26DCAD2000749A41 /* CathayNowPlaying.framework */ = {isa = PBXFileReference; explicitFileType = wrapper.framework; path = CathayNowPlaying.framework; sourceTree = BUILT_PRODUCTS_DIR; };
		49DFF02126DCAD2400749A41 /* CathayNowPlayingiOS.framework */ = {isa = PBXFileReference; explicitFileType = wrapper.framework; path = CathayNowPlayingiOS.framework; sourceTree = BUILT_PRODUCTS_DIR; };
		49DFF02526DCAD7A00749A41 /* XCTestCase+Extensions.swift */ = {isa = PBXFileReference; lastKnownFileType = sourcecode.swift; path = "XCTestCase+Extensions.swift"; sourceTree = "<group>"; };
		49DFF02826DCADAE00749A41 /* AuthConfig.swift */ = {isa = PBXFileReference; lastKnownFileType = sourcecode.swift; path = AuthConfig.swift; sourceTree = "<group>"; };
		49DFF02B26DCAE2000749A41 /* AuthenticatedHTTPClientDecorator.swift */ = {isa = PBXFileReference; lastKnownFileType = sourcecode.swift; path = AuthenticatedHTTPClientDecorator.swift; sourceTree = "<group>"; };
		49DFF02E26DCAECF00749A41 /* AuthenticatedHTTPClientDecoratorTests.swift */ = {isa = PBXFileReference; lastKnownFileType = sourcecode.swift; path = AuthenticatedHTTPClientDecoratorTests.swift; sourceTree = "<group>"; };
/* End PBXFileReference section */

/* Begin PBXFrameworksBuildPhase section */
		49DFEEEA26DB651600749A41 /* Frameworks */ = {
			isa = PBXFrameworksBuildPhase;
			buildActionMask = 2147483647;
			files = (
				49DFF01F26DCAD2000749A41 /* CathayNowPlaying.framework in Frameworks */,
				49DFF01C26DCAD1A00749A41 /* CathayNetworking.framework in Frameworks */,
				49DFF02226DCAD2400749A41 /* CathayNowPlayingiOS.framework in Frameworks */,
				49DFF01826DCAD1400749A41 /* CathayMedia.framework in Frameworks */,
			);
			runOnlyForDeploymentPostprocessing = 0;
		};
		49DFEF0026DB651700749A41 /* Frameworks */ = {
			isa = PBXFrameworksBuildPhase;
			buildActionMask = 2147483647;
			files = (
			);
			runOnlyForDeploymentPostprocessing = 0;
		};
/* End PBXFrameworksBuildPhase section */

/* Begin PBXGroup section */
		49DFEEE426DB651600749A41 = {
			isa = PBXGroup;
			children = (
				49DFEEEF26DB651600749A41 /* CathayApp */,
				49DFEF0626DB651700749A41 /* CathayAppTests */,
				49DFEEEE26DB651600749A41 /* Products */,
				49DFF01626DCAD1400749A41 /* Frameworks */,
			);
			sourceTree = "<group>";
		};
		49DFEEEE26DB651600749A41 /* Products */ = {
			isa = PBXGroup;
			children = (
				49DFEEED26DB651600749A41 /* CathayApp.app */,
				49DFEF0326DB651700749A41 /* CathayAppTests.xctest */,
			);
			name = Products;
			sourceTree = "<group>";
		};
		49DFEEEF26DB651600749A41 /* CathayApp */ = {
			isa = PBXGroup;
			children = (
				49DFF02A26DCAE0E00749A41 /* Utils */,
				49DFF02726DCAD9F00749A41 /* Models */,
				49DFEEF026DB651600749A41 /* AppDelegate.swift */,
				49DFEEF226DB651600749A41 /* SceneDelegate.swift */,
				49DFEEF426DB651600749A41 /* ViewController.swift */,
				49DFEEF926DB651700749A41 /* Assets.xcassets */,
				49DFEEFB26DB651700749A41 /* LaunchScreen.storyboard */,
				49DFEEFE26DB651700749A41 /* Info.plist */,
			);
			path = CathayApp;
			sourceTree = "<group>";
		};
		49DFEF0626DB651700749A41 /* CathayAppTests */ = {
			isa = PBXGroup;
			children = (
				49DFF02D26DCAEC100749A41 /* Utils */,
				49DFF02426DCAD4400749A41 /* Helpers */,
				49DFEF0926DB651700749A41 /* Info.plist */,
			);
			path = CathayAppTests;
			sourceTree = "<group>";
		};
		49DFF01626DCAD1400749A41 /* Frameworks */ = {
			isa = PBXGroup;
			children = (
				49DFF02126DCAD2400749A41 /* CathayNowPlayingiOS.framework */,
				49DFF01E26DCAD2000749A41 /* CathayNowPlaying.framework */,
				49DFF01B26DCAD1A00749A41 /* CathayNetworking.framework */,
				49DFF01726DCAD1400749A41 /* CathayMedia.framework */,
			);
			name = Frameworks;
			sourceTree = "<group>";
		};
		49DFF02426DCAD4400749A41 /* Helpers */ = {
			isa = PBXGroup;
			children = (
				49DFF02526DCAD7A00749A41 /* XCTestCase+Extensions.swift */,
			);
			path = Helpers;
			sourceTree = "<group>";
		};
		49DFF02726DCAD9F00749A41 /* Models */ = {
			isa = PBXGroup;
			children = (
				49DFF02826DCADAE00749A41 /* AuthConfig.swift */,
			);
			path = Models;
			sourceTree = "<group>";
		};
		49DFF02A26DCAE0E00749A41 /* Utils */ = {
			isa = PBXGroup;
			children = (
				49DFF02B26DCAE2000749A41 /* AuthenticatedHTTPClientDecorator.swift */,
			);
			path = Utils;
			sourceTree = "<group>";
		};
		49DFF02D26DCAEC100749A41 /* Utils */ = {
			isa = PBXGroup;
			children = (
				49DFF02E26DCAECF00749A41 /* AuthenticatedHTTPClientDecoratorTests.swift */,
			);
			path = Utils;
			sourceTree = "<group>";
		};
/* End PBXGroup section */

/* Begin PBXNativeTarget section */
		49DFEEEC26DB651600749A41 /* CathayApp */ = {
			isa = PBXNativeTarget;
			buildConfigurationList = 49DFEF1726DB651700749A41 /* Build configuration list for PBXNativeTarget "CathayApp" */;
			buildPhases = (
				49DFEEE926DB651600749A41 /* Sources */,
				49DFEEEA26DB651600749A41 /* Frameworks */,
				49DFEEEB26DB651600749A41 /* Resources */,
				49DFF01A26DCAD1400749A41 /* Embed Frameworks */,
			);
			buildRules = (
			);
			dependencies = (
			);
			name = CathayApp;
			productName = CathayApp;
			productReference = 49DFEEED26DB651600749A41 /* CathayApp.app */;
			productType = "com.apple.product-type.application";
		};
		49DFEF0226DB651700749A41 /* CathayAppTests */ = {
			isa = PBXNativeTarget;
			buildConfigurationList = 49DFEF1A26DB651700749A41 /* Build configuration list for PBXNativeTarget "CathayAppTests" */;
			buildPhases = (
				49DFEEFF26DB651700749A41 /* Sources */,
				49DFEF0026DB651700749A41 /* Frameworks */,
				49DFEF0126DB651700749A41 /* Resources */,
			);
			buildRules = (
			);
			dependencies = (
				49DFEF0526DB651700749A41 /* PBXTargetDependency */,
			);
			name = CathayAppTests;
			productName = CathayAppTests;
			productReference = 49DFEF0326DB651700749A41 /* CathayAppTests.xctest */;
			productType = "com.apple.product-type.bundle.unit-test";
		};
/* End PBXNativeTarget section */

/* Begin PBXProject section */
		49DFEEE526DB651600749A41 /* Project object */ = {
			isa = PBXProject;
			attributes = {
				LastSwiftUpdateCheck = 1250;
				LastUpgradeCheck = 1250;
				TargetAttributes = {
					49DFEEEC26DB651600749A41 = {
						CreatedOnToolsVersion = 12.5;
					};
					49DFEF0226DB651700749A41 = {
						CreatedOnToolsVersion = 12.5;
						LastSwiftMigration = 1250;
						TestTargetID = 49DFEEEC26DB651600749A41;
					};
				};
			};
			buildConfigurationList = 49DFEEE826DB651600749A41 /* Build configuration list for PBXProject "CathayApp" */;
			compatibilityVersion = "Xcode 9.3";
			developmentRegion = en;
			hasScannedForEncodings = 0;
			knownRegions = (
				en,
				Base,
			);
			mainGroup = 49DFEEE426DB651600749A41;
			productRefGroup = 49DFEEEE26DB651600749A41 /* Products */;
			projectDirPath = "";
			projectRoot = "";
			targets = (
				49DFEEEC26DB651600749A41 /* CathayApp */,
				49DFEF0226DB651700749A41 /* CathayAppTests */,
			);
		};
/* End PBXProject section */

/* Begin PBXResourcesBuildPhase section */
		49DFEEEB26DB651600749A41 /* Resources */ = {
			isa = PBXResourcesBuildPhase;
			buildActionMask = 2147483647;
			files = (
				49DFEEFD26DB651700749A41 /* LaunchScreen.storyboard in Resources */,
				49DFEEFA26DB651700749A41 /* Assets.xcassets in Resources */,
			);
			runOnlyForDeploymentPostprocessing = 0;
		};
		49DFEF0126DB651700749A41 /* Resources */ = {
			isa = PBXResourcesBuildPhase;
			buildActionMask = 2147483647;
			files = (
			);
			runOnlyForDeploymentPostprocessing = 0;
		};
/* End PBXResourcesBuildPhase section */

/* Begin PBXSourcesBuildPhase section */
		49DFEEE926DB651600749A41 /* Sources */ = {
			isa = PBXSourcesBuildPhase;
			buildActionMask = 2147483647;
			files = (
				49DFEEF526DB651600749A41 /* ViewController.swift in Sources */,
				49DFEEF126DB651600749A41 /* AppDelegate.swift in Sources */,
				49DFEEF326DB651600749A41 /* SceneDelegate.swift in Sources */,
				49DFF02C26DCAE2000749A41 /* AuthenticatedHTTPClientDecorator.swift in Sources */,
				49DFF02926DCADAE00749A41 /* AuthConfig.swift in Sources */,
			);
			runOnlyForDeploymentPostprocessing = 0;
		};
		49DFEEFF26DB651700749A41 /* Sources */ = {
			isa = PBXSourcesBuildPhase;
			buildActionMask = 2147483647;
			files = (
				49DFF02F26DCAECF00749A41 /* AuthenticatedHTTPClientDecoratorTests.swift in Sources */,
				49DFF02626DCAD7A00749A41 /* XCTestCase+Extensions.swift in Sources */,
			);
			runOnlyForDeploymentPostprocessing = 0;
		};
/* End PBXSourcesBuildPhase section */

/* Begin PBXTargetDependency section */
		49DFEF0526DB651700749A41 /* PBXTargetDependency */ = {
			isa = PBXTargetDependency;
			target = 49DFEEEC26DB651600749A41 /* CathayApp */;
			targetProxy = 49DFEF0426DB651700749A41 /* PBXContainerItemProxy */;
		};
/* End PBXTargetDependency section */

/* Begin PBXVariantGroup section */
		49DFEEFB26DB651700749A41 /* LaunchScreen.storyboard */ = {
			isa = PBXVariantGroup;
			children = (
				49DFEEFC26DB651700749A41 /* Base */,
			);
			name = LaunchScreen.storyboard;
			sourceTree = "<group>";
		};
/* End PBXVariantGroup section */

/* Begin XCBuildConfiguration section */
		49DFEF1526DB651700749A41 /* Debug */ = {
			isa = XCBuildConfiguration;
			buildSettings = {
				ALWAYS_SEARCH_USER_PATHS = NO;
				CLANG_ANALYZER_NONNULL = YES;
				CLANG_ANALYZER_NUMBER_OBJECT_CONVERSION = YES_AGGRESSIVE;
				CLANG_CXX_LANGUAGE_STANDARD = "gnu++14";
				CLANG_CXX_LIBRARY = "libc++";
				CLANG_ENABLE_MODULES = YES;
				CLANG_ENABLE_OBJC_ARC = YES;
				CLANG_ENABLE_OBJC_WEAK = YES;
				CLANG_WARN_BLOCK_CAPTURE_AUTORELEASING = YES;
				CLANG_WARN_BOOL_CONVERSION = YES;
				CLANG_WARN_COMMA = YES;
				CLANG_WARN_CONSTANT_CONVERSION = YES;
				CLANG_WARN_DEPRECATED_OBJC_IMPLEMENTATIONS = YES;
				CLANG_WARN_DIRECT_OBJC_ISA_USAGE = YES_ERROR;
				CLANG_WARN_DOCUMENTATION_COMMENTS = YES;
				CLANG_WARN_EMPTY_BODY = YES;
				CLANG_WARN_ENUM_CONVERSION = YES;
				CLANG_WARN_INFINITE_RECURSION = YES;
				CLANG_WARN_INT_CONVERSION = YES;
				CLANG_WARN_NON_LITERAL_NULL_CONVERSION = YES;
				CLANG_WARN_OBJC_IMPLICIT_RETAIN_SELF = YES;
				CLANG_WARN_OBJC_LITERAL_CONVERSION = YES;
				CLANG_WARN_OBJC_ROOT_CLASS = YES_ERROR;
				CLANG_WARN_QUOTED_INCLUDE_IN_FRAMEWORK_HEADER = YES;
				CLANG_WARN_RANGE_LOOP_ANALYSIS = YES;
				CLANG_WARN_STRICT_PROTOTYPES = YES;
				CLANG_WARN_SUSPICIOUS_MOVE = YES;
				CLANG_WARN_UNGUARDED_AVAILABILITY = YES_AGGRESSIVE;
				CLANG_WARN_UNREACHABLE_CODE = YES;
				CLANG_WARN__DUPLICATE_METHOD_MATCH = YES;
				COPY_PHASE_STRIP = NO;
				DEBUG_INFORMATION_FORMAT = dwarf;
				ENABLE_STRICT_OBJC_MSGSEND = YES;
				ENABLE_TESTABILITY = YES;
				GCC_C_LANGUAGE_STANDARD = gnu11;
				GCC_DYNAMIC_NO_PIC = NO;
				GCC_NO_COMMON_BLOCKS = YES;
				GCC_OPTIMIZATION_LEVEL = 0;
				GCC_PREPROCESSOR_DEFINITIONS = (
					"DEBUG=1",
					"$(inherited)",
				);
				GCC_WARN_64_TO_32_BIT_CONVERSION = YES;
				GCC_WARN_ABOUT_RETURN_TYPE = YES_ERROR;
				GCC_WARN_UNDECLARED_SELECTOR = YES;
				GCC_WARN_UNINITIALIZED_AUTOS = YES_AGGRESSIVE;
				GCC_WARN_UNUSED_FUNCTION = YES;
				GCC_WARN_UNUSED_VARIABLE = YES;
				IPHONEOS_DEPLOYMENT_TARGET = 14.5;
				MTL_ENABLE_DEBUG_INFO = INCLUDE_SOURCE;
				MTL_FAST_MATH = YES;
				ONLY_ACTIVE_ARCH = YES;
				SDKROOT = iphoneos;
				SWIFT_ACTIVE_COMPILATION_CONDITIONS = DEBUG;
				SWIFT_OPTIMIZATION_LEVEL = "-Onone";
			};
			name = Debug;
		};
		49DFEF1626DB651700749A41 /* Release */ = {
			isa = XCBuildConfiguration;
			buildSettings = {
				ALWAYS_SEARCH_USER_PATHS = NO;
				CLANG_ANALYZER_NONNULL = YES;
				CLANG_ANALYZER_NUMBER_OBJECT_CONVERSION = YES_AGGRESSIVE;
				CLANG_CXX_LANGUAGE_STANDARD = "gnu++14";
				CLANG_CXX_LIBRARY = "libc++";
				CLANG_ENABLE_MODULES = YES;
				CLANG_ENABLE_OBJC_ARC = YES;
				CLANG_ENABLE_OBJC_WEAK = YES;
				CLANG_WARN_BLOCK_CAPTURE_AUTORELEASING = YES;
				CLANG_WARN_BOOL_CONVERSION = YES;
				CLANG_WARN_COMMA = YES;
				CLANG_WARN_CONSTANT_CONVERSION = YES;
				CLANG_WARN_DEPRECATED_OBJC_IMPLEMENTATIONS = YES;
				CLANG_WARN_DIRECT_OBJC_ISA_USAGE = YES_ERROR;
				CLANG_WARN_DOCUMENTATION_COMMENTS = YES;
				CLANG_WARN_EMPTY_BODY = YES;
				CLANG_WARN_ENUM_CONVERSION = YES;
				CLANG_WARN_INFINITE_RECURSION = YES;
				CLANG_WARN_INT_CONVERSION = YES;
				CLANG_WARN_NON_LITERAL_NULL_CONVERSION = YES;
				CLANG_WARN_OBJC_IMPLICIT_RETAIN_SELF = YES;
				CLANG_WARN_OBJC_LITERAL_CONVERSION = YES;
				CLANG_WARN_OBJC_ROOT_CLASS = YES_ERROR;
				CLANG_WARN_QUOTED_INCLUDE_IN_FRAMEWORK_HEADER = YES;
				CLANG_WARN_RANGE_LOOP_ANALYSIS = YES;
				CLANG_WARN_STRICT_PROTOTYPES = YES;
				CLANG_WARN_SUSPICIOUS_MOVE = YES;
				CLANG_WARN_UNGUARDED_AVAILABILITY = YES_AGGRESSIVE;
				CLANG_WARN_UNREACHABLE_CODE = YES;
				CLANG_WARN__DUPLICATE_METHOD_MATCH = YES;
				COPY_PHASE_STRIP = NO;
				DEBUG_INFORMATION_FORMAT = "dwarf-with-dsym";
				ENABLE_NS_ASSERTIONS = NO;
				ENABLE_STRICT_OBJC_MSGSEND = YES;
				GCC_C_LANGUAGE_STANDARD = gnu11;
				GCC_NO_COMMON_BLOCKS = YES;
				GCC_WARN_64_TO_32_BIT_CONVERSION = YES;
				GCC_WARN_ABOUT_RETURN_TYPE = YES_ERROR;
				GCC_WARN_UNDECLARED_SELECTOR = YES;
				GCC_WARN_UNINITIALIZED_AUTOS = YES_AGGRESSIVE;
				GCC_WARN_UNUSED_FUNCTION = YES;
				GCC_WARN_UNUSED_VARIABLE = YES;
				IPHONEOS_DEPLOYMENT_TARGET = 14.5;
				MTL_ENABLE_DEBUG_INFO = NO;
				MTL_FAST_MATH = YES;
				SDKROOT = iphoneos;
				SWIFT_COMPILATION_MODE = wholemodule;
				SWIFT_OPTIMIZATION_LEVEL = "-O";
				VALIDATE_PRODUCT = YES;
			};
			name = Release;
		};
		49DFEF1826DB651700749A41 /* Debug */ = {
			isa = XCBuildConfiguration;
			buildSettings = {
				ASSETCATALOG_COMPILER_APPICON_NAME = AppIcon;
				ASSETCATALOG_COMPILER_GLOBAL_ACCENT_COLOR_NAME = AccentColor;
				CODE_SIGN_STYLE = Automatic;
				DEVELOPMENT_TEAM = U27B56TU48;
				INFOPLIST_FILE = CathayApp/Info.plist;
				LD_RUNPATH_SEARCH_PATHS = (
					"$(inherited)",
					"@executable_path/Frameworks",
				);
				PRODUCT_BUNDLE_IDENTIFIER = com.GanNaSong.CathayApp;
				PRODUCT_NAME = "$(TARGET_NAME)";
				SUPPORTED_PLATFORMS = "iphonesimulator iphoneos macosx";
				SWIFT_VERSION = 5.0;
				TARGETED_DEVICE_FAMILY = "1,2";
			};
			name = Debug;
		};
		49DFEF1926DB651700749A41 /* Release */ = {
			isa = XCBuildConfiguration;
			buildSettings = {
				ASSETCATALOG_COMPILER_APPICON_NAME = AppIcon;
				ASSETCATALOG_COMPILER_GLOBAL_ACCENT_COLOR_NAME = AccentColor;
				CODE_SIGN_STYLE = Automatic;
				DEVELOPMENT_TEAM = U27B56TU48;
				INFOPLIST_FILE = CathayApp/Info.plist;
				LD_RUNPATH_SEARCH_PATHS = (
					"$(inherited)",
					"@executable_path/Frameworks",
				);
				PRODUCT_BUNDLE_IDENTIFIER = com.GanNaSong.CathayApp;
				PRODUCT_NAME = "$(TARGET_NAME)";
				SUPPORTED_PLATFORMS = "iphonesimulator iphoneos macosx";
				SWIFT_VERSION = 5.0;
				TARGETED_DEVICE_FAMILY = "1,2";
			};
			name = Release;
		};
		49DFEF1B26DB651700749A41 /* Debug */ = {
			isa = XCBuildConfiguration;
			buildSettings = {
				ALWAYS_EMBED_SWIFT_STANDARD_LIBRARIES = YES;
				BUNDLE_LOADER = "$(TEST_HOST)";
				CLANG_ENABLE_MODULES = YES;
				CODE_SIGN_STYLE = Automatic;
				DEVELOPMENT_TEAM = U27B56TU48;
				INFOPLIST_FILE = CathayAppTests/Info.plist;
				IPHONEOS_DEPLOYMENT_TARGET = 14.5;
				LD_RUNPATH_SEARCH_PATHS = (
					"$(inherited)",
					"@executable_path/Frameworks",
					"@loader_path/Frameworks",
				);
				PRODUCT_BUNDLE_IDENTIFIER = com.GanNaSong.CathayAppTests;
				PRODUCT_NAME = "$(TARGET_NAME)";
				SUPPORTED_PLATFORMS = "iphonesimulator iphoneos macosx";
				SWIFT_OPTIMIZATION_LEVEL = "-Onone";
				SWIFT_VERSION = 5.0;
				TARGETED_DEVICE_FAMILY = "1,2";
				TEST_HOST = "$(BUILT_PRODUCTS_DIR)/CathayApp.app/CathayApp";
			};
			name = Debug;
		};
		49DFEF1C26DB651700749A41 /* Release */ = {
			isa = XCBuildConfiguration;
			buildSettings = {
				ALWAYS_EMBED_SWIFT_STANDARD_LIBRARIES = YES;
				BUNDLE_LOADER = "$(TEST_HOST)";
				CLANG_ENABLE_MODULES = YES;
				CODE_SIGN_STYLE = Automatic;
				DEVELOPMENT_TEAM = U27B56TU48;
				INFOPLIST_FILE = CathayAppTests/Info.plist;
				IPHONEOS_DEPLOYMENT_TARGET = 14.5;
				LD_RUNPATH_SEARCH_PATHS = (
					"$(inherited)",
					"@executable_path/Frameworks",
					"@loader_path/Frameworks",
				);
				PRODUCT_BUNDLE_IDENTIFIER = com.GanNaSong.CathayAppTests;
				PRODUCT_NAME = "$(TARGET_NAME)";
				SUPPORTED_PLATFORMS = "iphonesimulator iphoneos macosx";
				SWIFT_VERSION = 5.0;
				TARGETED_DEVICE_FAMILY = "1,2";
				TEST_HOST = "$(BUILT_PRODUCTS_DIR)/CathayApp.app/CathayApp";
			};
			name = Release;
		};
/* End XCBuildConfiguration section */

/* Begin XCConfigurationList section */
		49DFEEE826DB651600749A41 /* Build configuration list for PBXProject "CathayApp" */ = {
			isa = XCConfigurationList;
			buildConfigurations = (
				49DFEF1526DB651700749A41 /* Debug */,
				49DFEF1626DB651700749A41 /* Release */,
			);
			defaultConfigurationIsVisible = 0;
			defaultConfigurationName = Release;
		};
		49DFEF1726DB651700749A41 /* Build configuration list for PBXNativeTarget "CathayApp" */ = {
			isa = XCConfigurationList;
			buildConfigurations = (
				49DFEF1826DB651700749A41 /* Debug */,
				49DFEF1926DB651700749A41 /* Release */,
			);
			defaultConfigurationIsVisible = 0;
			defaultConfigurationName = Release;
		};
		49DFEF1A26DB651700749A41 /* Build configuration list for PBXNativeTarget "CathayAppTests" */ = {
			isa = XCConfigurationList;
			buildConfigurations = (
				49DFEF1B26DB651700749A41 /* Debug */,
				49DFEF1C26DB651700749A41 /* Release */,
			);
			defaultConfigurationIsVisible = 0;
			defaultConfigurationName = Release;
		};
/* End XCConfigurationList section */
	};
	rootObject = 49DFEEE526DB651600749A41 /* Project object */;
}
