<?xml version="1.0" encoding="UTF-8"?>
<Scheme
   LastUpgradeVersion = "1250"
   version = "1.3">
   <BuildAction
      parallelizeBuildables = "YES"
      buildImplicitDependencies = "YES">
      <BuildActionEntries>
         <BuildActionEntry
            buildForTesting = "YES"
            buildForRunning = "YES"
            buildForProfiling = "YES"
            buildForArchiving = "YES"
            buildForAnalyzing = "YES">
            <BuildableReference
               BuildableIdentifier = "primary"
               BlueprintIdentifier = "49DFEEEC26DB651600749A41"
               BuildableName = "CathayApp.app"
               BlueprintName = "CathayApp"
               ReferencedContainer = "container:CathayApp.xcodeproj">
            </BuildableReference>
         </BuildActionEntry>
      </BuildActionEntries>
   </BuildAction>
   <TestAction
      buildConfiguration = "Debug"
      selectedDebuggerIdentifier = "Xcode.DebuggerFoundation.Debugger.LLDB"
      selectedLauncherIdentifier = "Xcode.DebuggerFoundation.Launcher.LLDB"
      shouldUseLaunchSchemeArgsEnv = "YES"
      codeCoverageEnabled = "YES"
      onlyGenerateCoverageForSpecifiedTargets = "YES">
      <CodeCoverageTargets>
         <BuildableReference
            BuildableIdentifier = "primary"
            BlueprintIdentifier = "49DFEEEC26DB651600749A41"
            BuildableName = "CathayApp.app"
            BlueprintName = "CathayApp"
            ReferencedContainer = "container:CathayApp.xcodeproj">
         </BuildableReference>
         <BuildableReference
            BuildableIdentifier = "primary"
            BlueprintIdentifier = "49DFF07726DCD25200749A41"
            BuildableName = "CathayMovieDetailsiOS.framework"
            BlueprintName = "CathayMovieDetailsiOS"
            ReferencedContainer = "container:../CathayMovieDetails/CathayMovieDetails.xcodeproj">
         </BuildableReference>
         <BuildableReference
            BuildableIdentifier = "primary"
            BlueprintIdentifier = "49DFEF6526DB793300749A41"
            BuildableName = "CathayNowPlayingiOS.framework"
            BlueprintName = "CathayNowPlayingiOS"
            ReferencedContainer = "container:../CathayNowPlaying/CathayNowPlaying.xcodeproj">
         </BuildableReference>
         <BuildableReference
            BuildableIdentifier = "primary"
            BlueprintIdentifier = "49DFEFD526DC6B9700749A41"
            BuildableName = "CathayMedia.framework"
            BlueprintName = "CathayMedia"
            ReferencedContainer = "container:../CathayMedia/CathayMedia.xcodeproj">
         </BuildableReference>
         <BuildableReference
            BuildableIdentifier = "primary"
            BlueprintIdentifier = "49DFEF3226DB678700749A41"
            BuildableName = "CathayNetworking.framework"
            BlueprintName = "CathayNetworking"
            ReferencedContainer = "container:../CathayNetworking/CathayNetworking.xcodeproj">
         </BuildableReference>
         <BuildableReference
            BuildableIdentifier = "primary"
            BlueprintIdentifier = "49DFEEB126DB499200749A41"
            BuildableName = "CathayNowPlaying.framework"
            BlueprintName = "CathayNowPlaying"
            ReferencedContainer = "container:../CathayNowPlaying/CathayNowPlaying.xcodeproj">
         </BuildableReference>
         <BuildableReference
            BuildableIdentifier = "primary"
            BlueprintIdentifier = "49DFF0EE26DD0C6B00749A41"
            BuildableName = "CathayCommon.framework"
            BlueprintName = "CathayCommon"
            ReferencedContainer = "container:../CathayCommon/CathayCommon.xcodeproj">
         </BuildableReference>
         <BuildableReference
            BuildableIdentifier = "primary"
            BlueprintIdentifier = "49DFF04226DCC86200749A41"
            BuildableName = "CathayMovieDetails.framework"
            BlueprintName = "CathayMovieDetails"
            ReferencedContainer = "container:../CathayMovieDetails/CathayMovieDetails.xcodeproj">
         </BuildableReference>
      </CodeCoverageTargets>
      <Testables>
         <TestableReference
            skipped = "NO"
            testExecutionOrdering = "random">
            <BuildableReference
               BuildableIdentifier = "primary"
               BlueprintIdentifier = "49DFEF0226DB651700749A41"
               BuildableName = "CathayAppTests.xctest"
               BlueprintName = "CathayAppTests"
               ReferencedContainer = "container:CathayApp.xcodeproj">
            </BuildableReference>
         </TestableReference>
         <TestableReference
            skipped = "NO"
            testExecutionOrdering = "random">
            <BuildableReference
               BuildableIdentifier = "primary"
               BlueprintIdentifier = "49DFF07F26DCD25200749A41"
               BuildableName = "CathayMovieDetailsiOSTests.xctest"
               BlueprintName = "CathayMovieDetailsiOSTests"
               ReferencedContainer = "container:../CathayMovieDetails/CathayMovieDetails.xcodeproj">
            </BuildableReference>
         </TestableReference>
         <TestableReference
            skipped = "NO"
            testExecutionOrdering = "random">
            <BuildableReference
               BuildableIdentifier = "primary"
               BlueprintIdentifier = "49DFEF6D26DB793300749A41"
               BuildableName = "CathayNowPlayingiOSTests.xctest"
               BlueprintName = "CathayNowPlayingiOSTests"
               ReferencedContainer = "container:../CathayNowPlaying/CathayNowPlaying.xcodeproj">
            </BuildableReference>
         </TestableReference>
         <TestableReference
            skipped = "NO"
            testExecutionOrdering = "random">
            <BuildableReference
               BuildableIdentifier = "primary"
               BlueprintIdentifier = "49DFF0F726DD0C6B00749A41"
               BuildableName = "CathayCommonTests.xctest"
               BlueprintName = "CathayCommonTests"
               ReferencedContainer = "container:../CathayCommon/CathayCommon.xcodeproj">
            </BuildableReference>
         </TestableReference>
         <TestableReference
            skipped = "NO"
            testExecutionOrdering = "random">
            <BuildableReference
               BuildableIdentifier = "primary"
               BlueprintIdentifier = "49DFEFDE26DC6B9700749A41"
               BuildableName = "CathayMediaTests.xctest"
               BlueprintName = "CathayMediaTests"
               ReferencedContainer = "container:../CathayMedia/CathayMedia.xcodeproj">
            </BuildableReference>
         </TestableReference>
         <TestableReference
            skipped = "NO"
            testExecutionOrdering = "random">
            <BuildableReference
               BuildableIdentifier = "primary"
               BlueprintIdentifier = "49DFF04B26DCC86200749A41"
               BuildableName = "CathayMovieDetailsTests.xctest"
               BlueprintName = "CathayMovieDetailsTests"
               ReferencedContainer = "container:../CathayMovieDetails/CathayMovieDetails.xcodeproj">
            </BuildableReference>
         </TestableReference>
         <TestableReference
            skipped = "NO"
            testExecutionOrdering = "random">
            <BuildableReference
               BuildableIdentifier = "primary"
               BlueprintIdentifier = "49DFEF3B26DB678700749A41"
               BuildableName = "CathayNetworkingTests.xctest"
               BlueprintName = "CathayNetworkingTests"
               ReferencedContainer = "container:../CathayNetworking/CathayNetworking.xcodeproj">
            </BuildableReference>
         </TestableReference>
         <TestableReference
            skipped = "NO"
            testExecutionOrdering = "random">
            <BuildableReference
               BuildableIdentifier = "primary"
               BlueprintIdentifier = "49DFEEBA26DB499200749A41"
               BuildableName = "CathayNowPlayingTests.xctest"
               BlueprintName = "CathayNowPlayingTests"
               ReferencedContainer = "container:../CathayNowPlaying/CathayNowPlaying.xcodeproj">
            </BuildableReference>
         </TestableReference>
      </Testables>
   </TestAction>
   <LaunchAction
      buildConfiguration = "Debug"
      selectedDebuggerIdentifier = "Xcode.DebuggerFoundation.Debugger.LLDB"
      selectedLauncherIdentifier = "Xcode.DebuggerFoundation.Launcher.LLDB"
      launchStyle = "0"
      useCustomWorkingDirectory = "NO"
      ignoresPersistentStateOnLaunch = "NO"
      debugDocumentVersioning = "YES"
      debugServiceExtension = "internal"
      allowLocationSimulation = "YES">
      <BuildableProductRunnable
         runnableDebuggingMode = "0">
         <BuildableReference
            BuildableIdentifier = "primary"
            BlueprintIdentifier = "49DFEEEC26DB651600749A41"
            BuildableName = "CathayApp.app"
            BlueprintName = "CathayApp"
            ReferencedContainer = "container:CathayApp.xcodeproj">
         </BuildableReference>
      </BuildableProductRunnable>
   </LaunchAction>
   <ProfileAction
      buildConfiguration = "Release"
      shouldUseLaunchSchemeArgsEnv = "YES"
      savedToolIdentifier = ""
      useCustomWorkingDirectory = "NO"
      debugDocumentVersioning = "YES">
      <BuildableProductRunnable
         runnableDebuggingMode = "0">
         <BuildableReference
            BuildableIdentifier = "primary"
            BlueprintIdentifier = "49DFEEEC26DB651600749A41"
            BuildableName = "CathayApp.app"
            BlueprintName = "CathayApp"
            ReferencedContainer = "container:CathayApp.xcodeproj">
         </BuildableReference>
      </BuildableProductRunnable>
   </ProfileAction>
   <AnalyzeAction
      buildConfiguration = "Debug">
   </AnalyzeAction>
   <ArchiveAction
      buildConfiguration = "Release"
      revealArchiveInOrganizer = "YES">
   </ArchiveAction>
</Scheme>
