// !$*UTF8*$!
{
	archiveVersion = 1;
	classes = {
	};
	objectVersion = 50;
	objects = {

/* Begin PBXBuildFile section */
		49DFEEBC26DB499200749A41 /* CathayNowPlaying.framework in Frameworks */ = {isa = PBXBuildFile; fileRef = 49DFEEB226DB499200749A41 /* CathayNowPlaying.framework */; };
		49DFEECD26DB4A7C00749A41 /* NowPlayingCard.swift in Sources */ = {isa = PBXBuildFile; fileRef = 49DFEECC26DB4A7C00749A41 /* NowPlayingCard.swift */; };
		49DFEECF26DB4ACC00749A41 /* NowPlayingLoader.swift in Sources */ = {isa = PBXBuildFile; fileRef = 49DFEECE26DB4ACC00749A41 /* NowPlayingLoader.swift */; };
		49DFEED326DB4F1900749A41 /* XCTestCase+Extension.swift in Sources */ = {isa = PBXBuildFile; fileRef = 49DFEED226DB4F1900749A41 /* XCTestCase+Extension.swift */; };
		49DFEED526DB4F8F00749A41 /* LoadNowPlayingFromRemoteUseCaseTests.swift in Sources */ = {isa = PBXBuildFile; fileRef = 49DFEED426DB4F8F00749A41 /* LoadNowPlayingFromRemoteUseCaseTests.swift */; };
		49DFEED726DB570F00749A41 /* NowPlayingFeed.swift in Sources */ = {isa = PBXBuildFile; fileRef = 49DFEED626DB570F00749A41 /* NowPlayingFeed.swift */; };
		49DFEEDC26DB600100749A41 /* HTTPClientSpy.swift in Sources */ = {isa = PBXBuildFile; fileRef = 49DFEEDB26DB600100749A41 /* HTTPClientSpy.swift */; };
		49DFEEDF26DB61A300749A41 /* HTTPURLResponse+Extension.swift in Sources */ = {isa = PBXBuildFile; fileRef = 49DFEEDE26DB61A300749A41 /* HTTPURLResponse+Extension.swift */; };
		49DFEEE126DB61CF00749A41 /* NowPlayingItemsMapper.swift in Sources */ = {isa = PBXBuildFile; fileRef = 49DFEEE026DB61CF00749A41 /* NowPlayingItemsMapper.swift */; };
		49DFEEE326DB622A00749A41 /* RemoteNowPlayingLoader.swift in Sources */ = {isa = PBXBuildFile; fileRef = 49DFEEE226DB622A00749A41 /* RemoteNowPlayingLoader.swift */; };
		49DFEF6F26DB793300749A41 /* CathayNowPlayingiOS.framework in Frameworks */ = {isa = PBXBuildFile; fileRef = 49DFEF6626DB793300749A41 /* CathayNowPlayingiOS.framework */; };
		49DFEF7E26DB7A0200749A41 /* NowPlayingViewControllerTests.swift in Sources */ = {isa = PBXBuildFile; fileRef = 49DFEF7D26DB7A0200749A41 /* NowPlayingViewControllerTests.swift */; };
		49DFEF9126DB81FC00749A41 /* XCTestCase+Extension.swift in Sources */ = {isa = PBXBuildFile; fileRef = 49DFEED226DB4F1900749A41 /* XCTestCase+Extension.swift */; };
		49DFEF9826DB871E00749A41 /* CathayNetworking.framework in Frameworks */ = {isa = PBXBuildFile; fileRef = 49DFEF9726DB871E00749A41 /* CathayNetworking.framework */; };
		49DFEF9926DB871E00749A41 /* CathayNetworking.framework in Embed Frameworks */ = {isa = PBXBuildFile; fileRef = 49DFEF9726DB871E00749A41 /* CathayNetworking.framework */; settings = {ATTRIBUTES = (CodeSignOnCopy, RemoveHeadersOnCopy, ); }; };
		49DFEF9B26DB889F00749A41 /* CathayNowPlaying.framework in Frameworks */ = {isa = PBXBuildFile; fileRef = 49DFEEB226DB499200749A41 /* CathayNowPlaying.framework */; };
		49DFEF9C26DB889F00749A41 /* CathayNowPlaying.framework in Embed Frameworks */ = {isa = PBXBuildFile; fileRef = 49DFEEB226DB499200749A41 /* CathayNowPlaying.framework */; settings = {ATTRIBUTES = (CodeSignOnCopy, RemoveHeadersOnCopy, ); }; };
		49DFEFA526DBDACD00749A41 /* NowPlayingViewController.swift in Sources */ = {isa = PBXBuildFile; fileRef = 49DFEFA426DBDACD00749A41 /* NowPlayingViewController.swift */; };
		49DFEFA826DBDCC200749A41 /* UIControl+TestHelpers.swift in Sources */ = {isa = PBXBuildFile; fileRef = 49DFEFA726DBDCC200749A41 /* UIControl+TestHelpers.swift */; };
		49DFEFAA26DBDD0F00749A41 /* UIRefreshControl+TestHelpers.swift in Sources */ = {isa = PBXBuildFile; fileRef = 49DFEFA926DBDD0F00749A41 /* UIRefreshControl+TestHelpers.swift */; };
		49DFEFAC26DBDD6F00749A41 /* NowPlayingViewController+TestHelpers.swift in Sources */ = {isa = PBXBuildFile; fileRef = 49DFEFAB26DBDD6F00749A41 /* NowPlayingViewController+TestHelpers.swift */; };
		49DFEFAF26DBDE1D00749A41 /* NowPlayingCardFeedCell.swift in Sources */ = {isa = PBXBuildFile; fileRef = 49DFEFAE26DBDE1D00749A41 /* NowPlayingCardFeedCell.swift */; };
		49DFEFB226DBDE8300749A41 /* NowPlayingUIComposer.swift in Sources */ = {isa = PBXBuildFile; fileRef = 49DFEFB126DBDE8300749A41 /* NowPlayingUIComposer.swift */; };
		49DFEFB426DBDF7200749A41 /* NowPlayingRefreshController.swift in Sources */ = {isa = PBXBuildFile; fileRef = 49DFEFB326DBDF7200749A41 /* NowPlayingRefreshController.swift */; };
		49DFEFB826DBE42C00749A41 /* NowPlayingPresenterTests.swift in Sources */ = {isa = PBXBuildFile; fileRef = 49DFEFB726DBE42C00749A41 /* NowPlayingPresenterTests.swift */; };
		49DFEFBC26DBEA4600749A41 /* NowPlayingErrorViewModel.swift in Sources */ = {isa = PBXBuildFile; fileRef = 49DFEFBB26DBEA4600749A41 /* NowPlayingErrorViewModel.swift */; };
		49DFEFBE26DBEA7600749A41 /* NowPlayingLoadingViewModel.swift in Sources */ = {isa = PBXBuildFile; fileRef = 49DFEFBD26DBEA7600749A41 /* NowPlayingLoadingViewModel.swift */; };
		49DFEFC026DBEAB400749A41 /* NowPlayingViewModel.swift in Sources */ = {isa = PBXBuildFile; fileRef = 49DFEFBF26DBEAB400749A41 /* NowPlayingViewModel.swift */; };
		49DFEFC226DBEADE00749A41 /* NowPlayingPresenter.swift in Sources */ = {isa = PBXBuildFile; fileRef = 49DFEFC126DBEADE00749A41 /* NowPlayingPresenter.swift */; };
		49DFEFC526DBECDC00749A41 /* WeakRefVirtualProxyTests.swift in Sources */ = {isa = PBXBuildFile; fileRef = 49DFEFC426DBECDC00749A41 /* WeakRefVirtualProxyTests.swift */; };
/* End PBXBuildFile section */

/* Begin PBXContainerItemProxy section */
		49DFEEBD26DB499200749A41 /* PBXContainerItemProxy */ = {
			isa = PBXContainerItemProxy;
			containerPortal = 49DFEEA926DB499200749A41 /* Project object */;
			proxyType = 1;
			remoteGlobalIDString = 49DFEEB126DB499200749A41;
			remoteInfo = CathayNowPlaying;
		};
		49DFEF7026DB793300749A41 /* PBXContainerItemProxy */ = {
			isa = PBXContainerItemProxy;
			containerPortal = 49DFEEA926DB499200749A41 /* Project object */;
			proxyType = 1;
			remoteGlobalIDString = 49DFEF6526DB793300749A41;
			remoteInfo = CathayNowPlayingiOS;
		};
		49DFEF9D26DB889F00749A41 /* PBXContainerItemProxy */ = {
			isa = PBXContainerItemProxy;
			containerPortal = 49DFEEA926DB499200749A41 /* Project object */;
			proxyType = 1;
			remoteGlobalIDString = 49DFEEB126DB499200749A41;
			remoteInfo = CathayNowPlaying;
		};
/* End PBXContainerItemProxy section */

/* Begin PBXCopyFilesBuildPhase section */
		49DFEF9A26DB871E00749A41 /* Embed Frameworks */ = {
			isa = PBXCopyFilesBuildPhase;
			buildActionMask = 2147483647;
			dstPath = "";
			dstSubfolderSpec = 10;
			files = (
				49DFEF9926DB871E00749A41 /* CathayNetworking.framework in Embed Frameworks */,
			);
			name = "Embed Frameworks";
			runOnlyForDeploymentPostprocessing = 0;
		};
		49DFEF9F26DB889F00749A41 /* Embed Frameworks */ = {
			isa = PBXCopyFilesBuildPhase;
			buildActionMask = 2147483647;
			dstPath = "";
			dstSubfolderSpec = 10;
			files = (
				49DFEF9C26DB889F00749A41 /* CathayNowPlaying.framework in Embed Frameworks */,
			);
			name = "Embed Frameworks";
			runOnlyForDeploymentPostprocessing = 0;
		};
/* End PBXCopyFilesBuildPhase section */

/* Begin PBXFileReference section */
		49DFEEB226DB499200749A41 /* CathayNowPlaying.framework */ = {isa = PBXFileReference; explicitFileType = wrapper.framework; includeInIndex = 0; path = CathayNowPlaying.framework; sourceTree = BUILT_PRODUCTS_DIR; };
		49DFEEB626DB499200749A41 /* Info.plist */ = {isa = PBXFileReference; lastKnownFileType = text.plist.xml; path = Info.plist; sourceTree = "<group>"; };
		49DFEEBB26DB499200749A41 /* CathayNowPlayingTests.xctest */ = {isa = PBXFileReference; explicitFileType = wrapper.cfbundle; includeInIndex = 0; path = CathayNowPlayingTests.xctest; sourceTree = BUILT_PRODUCTS_DIR; };
		49DFEEC226DB499200749A41 /* Info.plist */ = {isa = PBXFileReference; lastKnownFileType = text.plist.xml; path = Info.plist; sourceTree = "<group>"; };
		49DFEECC26DB4A7C00749A41 /* NowPlayingCard.swift */ = {isa = PBXFileReference; lastKnownFileType = sourcecode.swift; path = NowPlayingCard.swift; sourceTree = "<group>"; };
		49DFEECE26DB4ACC00749A41 /* NowPlayingLoader.swift */ = {isa = PBXFileReference; lastKnownFileType = sourcecode.swift; path = NowPlayingLoader.swift; sourceTree = "<group>"; };
		49DFEED226DB4F1900749A41 /* XCTestCase+Extension.swift */ = {isa = PBXFileReference; lastKnownFileType = sourcecode.swift; path = "XCTestCase+Extension.swift"; sourceTree = "<group>"; };
		49DFEED426DB4F8F00749A41 /* LoadNowPlayingFromRemoteUseCaseTests.swift */ = {isa = PBXFileReference; lastKnownFileType = sourcecode.swift; path = LoadNowPlayingFromRemoteUseCaseTests.swift; sourceTree = "<group>"; };
		49DFEED626DB570F00749A41 /* NowPlayingFeed.swift */ = {isa = PBXFileReference; lastKnownFileType = sourcecode.swift; path = NowPlayingFeed.swift; sourceTree = "<group>"; };
		49DFEEDB26DB600100749A41 /* HTTPClientSpy.swift */ = {isa = PBXFileReference; lastKnownFileType = sourcecode.swift; path = HTTPClientSpy.swift; sourceTree = "<group>"; };
		49DFEEDE26DB61A300749A41 /* HTTPURLResponse+Extension.swift */ = {isa = PBXFileReference; lastKnownFileType = sourcecode.swift; path = "HTTPURLResponse+Extension.swift"; sourceTree = "<group>"; };
		49DFEEE026DB61CF00749A41 /* NowPlayingItemsMapper.swift */ = {isa = PBXFileReference; lastKnownFileType = sourcecode.swift; path = NowPlayingItemsMapper.swift; sourceTree = "<group>"; };
		49DFEEE226DB622A00749A41 /* RemoteNowPlayingLoader.swift */ = {isa = PBXFileReference; lastKnownFileType = sourcecode.swift; path = RemoteNowPlayingLoader.swift; sourceTree = "<group>"; };
		49DFEF6626DB793300749A41 /* CathayNowPlayingiOS.framework */ = {isa = PBXFileReference; explicitFileType = wrapper.framework; includeInIndex = 0; path = CathayNowPlayingiOS.framework; sourceTree = BUILT_PRODUCTS_DIR; };
		49DFEF6926DB793300749A41 /* Info.plist */ = {isa = PBXFileReference; lastKnownFileType = text.plist.xml; path = Info.plist; sourceTree = "<group>"; };
		49DFEF6E26DB793300749A41 /* CathayNowPlayingiOSTests.xctest */ = {isa = PBXFileReference; explicitFileType = wrapper.cfbundle; includeInIndex = 0; path = CathayNowPlayingiOSTests.xctest; sourceTree = BUILT_PRODUCTS_DIR; };
		49DFEF7526DB793300749A41 /* Info.plist */ = {isa = PBXFileReference; lastKnownFileType = text.plist.xml; path = Info.plist; sourceTree = "<group>"; };
		49DFEF7D26DB7A0200749A41 /* NowPlayingViewControllerTests.swift */ = {isa = PBXFileReference; lastKnownFileType = sourcecode.swift; path = NowPlayingViewControllerTests.swift; sourceTree = "<group>"; };
		49DFEF8026DB7F2D00749A41 /* CathayNetworking.framework */ = {isa = PBXFileReference; explicitFileType = wrapper.framework; path = CathayNetworking.framework; sourceTree = BUILT_PRODUCTS_DIR; };
		49DFEF9726DB871E00749A41 /* CathayNetworking.framework */ = {isa = PBXFileReference; explicitFileType = wrapper.framework; path = CathayNetworking.framework; sourceTree = BUILT_PRODUCTS_DIR; };
		49DFEFA426DBDACD00749A41 /* NowPlayingViewController.swift */ = {isa = PBXFileReference; lastKnownFileType = sourcecode.swift; path = NowPlayingViewController.swift; sourceTree = "<group>"; };
		49DFEFA726DBDCC200749A41 /* UIControl+TestHelpers.swift */ = {isa = PBXFileReference; lastKnownFileType = sourcecode.swift; path = "UIControl+TestHelpers.swift"; sourceTree = "<group>"; };
		49DFEFA926DBDD0F00749A41 /* UIRefreshControl+TestHelpers.swift */ = {isa = PBXFileReference; lastKnownFileType = sourcecode.swift; path = "UIRefreshControl+TestHelpers.swift"; sourceTree = "<group>"; };
		49DFEFAB26DBDD6F00749A41 /* NowPlayingViewController+TestHelpers.swift */ = {isa = PBXFileReference; lastKnownFileType = sourcecode.swift; path = "NowPlayingViewController+TestHelpers.swift"; sourceTree = "<group>"; };
		49DFEFAE26DBDE1D00749A41 /* NowPlayingCardFeedCell.swift */ = {isa = PBXFileReference; lastKnownFileType = sourcecode.swift; path = NowPlayingCardFeedCell.swift; sourceTree = "<group>"; };
		49DFEFB126DBDE8300749A41 /* NowPlayingUIComposer.swift */ = {isa = PBXFileReference; lastKnownFileType = sourcecode.swift; path = NowPlayingUIComposer.swift; sourceTree = "<group>"; };
		49DFEFB326DBDF7200749A41 /* NowPlayingRefreshController.swift */ = {isa = PBXFileReference; lastKnownFileType = sourcecode.swift; path = NowPlayingRefreshController.swift; sourceTree = "<group>"; };
		49DFEFB726DBE42C00749A41 /* NowPlayingPresenterTests.swift */ = {isa = PBXFileReference; lastKnownFileType = sourcecode.swift; path = NowPlayingPresenterTests.swift; sourceTree = "<group>"; };
		49DFEFBB26DBEA4600749A41 /* NowPlayingErrorViewModel.swift */ = {isa = PBXFileReference; lastKnownFileType = sourcecode.swift; path = NowPlayingErrorViewModel.swift; sourceTree = "<group>"; };
		49DFEFBD26DBEA7600749A41 /* NowPlayingLoadingViewModel.swift */ = {isa = PBXFileReference; lastKnownFileType = sourcecode.swift; path = NowPlayingLoadingViewModel.swift; sourceTree = "<group>"; };
		49DFEFBF26DBEAB400749A41 /* NowPlayingViewModel.swift */ = {isa = PBXFileReference; lastKnownFileType = sourcecode.swift; path = NowPlayingViewModel.swift; sourceTree = "<group>"; };
		49DFEFC126DBEADE00749A41 /* NowPlayingPresenter.swift */ = {isa = PBXFileReference; lastKnownFileType = sourcecode.swift; path = NowPlayingPresenter.swift; sourceTree = "<group>"; };
		49DFEFC426DBECDC00749A41 /* WeakRefVirtualProxyTests.swift */ = {isa = PBXFileReference; lastKnownFileType = sourcecode.swift; path = WeakRefVirtualProxyTests.swift; sourceTree = "<group>"; };
/* End PBXFileReference section */

/* Begin PBXFrameworksBuildPhase section */
		49DFEEAF26DB499200749A41 /* Frameworks */ = {
			isa = PBXFrameworksBuildPhase;
			buildActionMask = 2147483647;
			files = (
				49DFEF9826DB871E00749A41 /* CathayNetworking.framework in Frameworks */,
			);
			runOnlyForDeploymentPostprocessing = 0;
		};
		49DFEEB826DB499200749A41 /* Frameworks */ = {
			isa = PBXFrameworksBuildPhase;
			buildActionMask = 2147483647;
			files = (
				49DFEEBC26DB499200749A41 /* CathayNowPlaying.framework in Frameworks */,
			);
			runOnlyForDeploymentPostprocessing = 0;
		};
		49DFEF6326DB793300749A41 /* Frameworks */ = {
			isa = PBXFrameworksBuildPhase;
			buildActionMask = 2147483647;
			files = (
				49DFEF9B26DB889F00749A41 /* CathayNowPlaying.framework in Frameworks */,
			);
			runOnlyForDeploymentPostprocessing = 0;
		};
		49DFEF6B26DB793300749A41 /* Frameworks */ = {
			isa = PBXFrameworksBuildPhase;
			buildActionMask = 2147483647;
			files = (
				49DFEF6F26DB793300749A41 /* CathayNowPlayingiOS.framework in Frameworks */,
			);
			runOnlyForDeploymentPostprocessing = 0;
		};
/* End PBXFrameworksBuildPhase section */

/* Begin PBXGroup section */
		49DFEEA826DB499200749A41 = {
			isa = PBXGroup;
			children = (
				49DFEEB426DB499200749A41 /* CathayNowPlaying */,
				49DFEEBF26DB499200749A41 /* CathayNowPlayingTests */,
				49DFEF6726DB793300749A41 /* CathayNowPlayingiOS */,
				49DFEF7226DB793300749A41 /* CathayNowPlayingiOSTests */,
				49DFEEB326DB499200749A41 /* Products */,
				49DFEF7F26DB7F2D00749A41 /* Frameworks */,
			);
			sourceTree = "<group>";
		};
		49DFEEB326DB499200749A41 /* Products */ = {
			isa = PBXGroup;
			children = (
				49DFEEB226DB499200749A41 /* CathayNowPlaying.framework */,
				49DFEEBB26DB499200749A41 /* CathayNowPlayingTests.xctest */,
				49DFEF6626DB793300749A41 /* CathayNowPlayingiOS.framework */,
				49DFEF6E26DB793300749A41 /* CathayNowPlayingiOSTests.xctest */,
			);
			name = Products;
			sourceTree = "<group>";
		};
		49DFEEB426DB499200749A41 /* CathayNowPlaying */ = {
			isa = PBXGroup;
			children = (
				49DFEFB926DBEA2300749A41 /* Presentation */,
				49DFEED826DB5FAB00749A41 /* API */,
				49DFEEB626DB499200749A41 /* Info.plist */,
			);
			path = CathayNowPlaying;
			sourceTree = "<group>";
		};
		49DFEEBF26DB499200749A41 /* CathayNowPlayingTests */ = {
			isa = PBXGroup;
			children = (
				49DFEFC326DBECC100749A41 /* Utils */,
				49DFEFB626DBE41000749A41 /* API */,
				49DFEFB526DBE3FD00749A41 /* Presentation */,
				49DFEED126DB4F0400749A41 /* Helpers */,
				49DFEEC226DB499200749A41 /* Info.plist */,
			);
			path = CathayNowPlayingTests;
			sourceTree = "<group>";
		};
		49DFEED026DB4B0600749A41 /* Feature */ = {
			isa = PBXGroup;
			children = (
				49DFEECE26DB4ACC00749A41 /* NowPlayingLoader.swift */,
				49DFEECC26DB4A7C00749A41 /* NowPlayingCard.swift */,
				49DFEED626DB570F00749A41 /* NowPlayingFeed.swift */,
			);
			path = Feature;
			sourceTree = "<group>";
		};
		49DFEED126DB4F0400749A41 /* Helpers */ = {
			isa = PBXGroup;
			children = (
				49DFEED226DB4F1900749A41 /* XCTestCase+Extension.swift */,
				49DFEEDB26DB600100749A41 /* HTTPClientSpy.swift */,
			);
			path = Helpers;
			sourceTree = "<group>";
		};
		49DFEED826DB5FAB00749A41 /* API */ = {
			isa = PBXGroup;
			children = (
				49DFEED026DB4B0600749A41 /* Feature */,
				49DFEEDD26DB618100749A41 /* Helpers */,
				49DFEEE026DB61CF00749A41 /* NowPlayingItemsMapper.swift */,
				49DFEEE226DB622A00749A41 /* RemoteNowPlayingLoader.swift */,
			);
			path = API;
			sourceTree = "<group>";
		};
		49DFEEDD26DB618100749A41 /* Helpers */ = {
			isa = PBXGroup;
			children = (
				49DFEEDE26DB61A300749A41 /* HTTPURLResponse+Extension.swift */,
			);
			path = Helpers;
			sourceTree = "<group>";
		};
		49DFEF6726DB793300749A41 /* CathayNowPlayingiOS */ = {
			isa = PBXGroup;
			children = (
				49DFEFB026DBDE6C00749A41 /* Composers */,
				49DFEFA326DBDAB300749A41 /* Controllers */,
				49DFEFAD26DBDE0600749A41 /* Views */,
				49DFEF6926DB793300749A41 /* Info.plist */,
			);
			path = CathayNowPlayingiOS;
			sourceTree = "<group>";
		};
		49DFEF7226DB793300749A41 /* CathayNowPlayingiOSTests */ = {
			isa = PBXGroup;
			children = (
				49DFEFA626DBDCA100749A41 /* Helpers */,
				49DFEF7526DB793300749A41 /* Info.plist */,
				49DFEF7D26DB7A0200749A41 /* NowPlayingViewControllerTests.swift */,
			);
			path = CathayNowPlayingiOSTests;
			sourceTree = "<group>";
		};
		49DFEF7F26DB7F2D00749A41 /* Frameworks */ = {
			isa = PBXGroup;
			children = (
				49DFEF9726DB871E00749A41 /* CathayNetworking.framework */,
				49DFEF8026DB7F2D00749A41 /* CathayNetworking.framework */,
			);
			name = Frameworks;
			sourceTree = "<group>";
		};
		49DFEFA326DBDAB300749A41 /* Controllers */ = {
			isa = PBXGroup;
			children = (
				49DFEFA426DBDACD00749A41 /* NowPlayingViewController.swift */,
				49DFEFB326DBDF7200749A41 /* NowPlayingRefreshController.swift */,
			);
			path = Controllers;
			sourceTree = "<group>";
		};
		49DFEFA626DBDCA100749A41 /* Helpers */ = {
			isa = PBXGroup;
			children = (
				49DFEFA726DBDCC200749A41 /* UIControl+TestHelpers.swift */,
				49DFEFA926DBDD0F00749A41 /* UIRefreshControl+TestHelpers.swift */,
				49DFEFAB26DBDD6F00749A41 /* NowPlayingViewController+TestHelpers.swift */,
			);
			path = Helpers;
			sourceTree = "<group>";
		};
		49DFEFAD26DBDE0600749A41 /* Views */ = {
			isa = PBXGroup;
			children = (
				49DFEFAE26DBDE1D00749A41 /* NowPlayingCardFeedCell.swift */,
			);
			path = Views;
			sourceTree = "<group>";
		};
		49DFEFB026DBDE6C00749A41 /* Composers */ = {
			isa = PBXGroup;
			children = (
				49DFEFB126DBDE8300749A41 /* NowPlayingUIComposer.swift */,
			);
			path = Composers;
			sourceTree = "<group>";
		};
		49DFEFB526DBE3FD00749A41 /* Presentation */ = {
			isa = PBXGroup;
			children = (
				49DFEFB726DBE42C00749A41 /* NowPlayingPresenterTests.swift */,
			);
			path = Presentation;
			sourceTree = "<group>";
		};
		49DFEFB626DBE41000749A41 /* API */ = {
			isa = PBXGroup;
			children = (
				49DFEED426DB4F8F00749A41 /* LoadNowPlayingFromRemoteUseCaseTests.swift */,
			);
			path = API;
			sourceTree = "<group>";
		};
		49DFEFB926DBEA2300749A41 /* Presentation */ = {
			isa = PBXGroup;
			children = (
				49DFEFBA26DBEA3400749A41 /* Models */,
				49DFEFC126DBEADE00749A41 /* NowPlayingPresenter.swift */,
			);
			path = Presentation;
			sourceTree = "<group>";
		};
		49DFEFBA26DBEA3400749A41 /* Models */ = {
			isa = PBXGroup;
			children = (
				49DFEFBB26DBEA4600749A41 /* NowPlayingErrorViewModel.swift */,
				49DFEFBD26DBEA7600749A41 /* NowPlayingLoadingViewModel.swift */,
				49DFEFBF26DBEAB400749A41 /* NowPlayingViewModel.swift */,
			);
			path = Models;
			sourceTree = "<group>";
		};
		49DFEFC326DBECC100749A41 /* Utils */ = {
			isa = PBXGroup;
			children = (
				49DFEFC426DBECDC00749A41 /* WeakRefVirtualProxyTests.swift */,
			);
			path = Utils;
			sourceTree = "<group>";
		};
/* End PBXGroup section */

/* Begin PBXHeadersBuildPhase section */
		49DFEEAD26DB499200749A41 /* Headers */ = {
			isa = PBXHeadersBuildPhase;
			buildActionMask = 2147483647;
			files = (
			);
			runOnlyForDeploymentPostprocessing = 0;
		};
		49DFEF6126DB793300749A41 /* Headers */ = {
			isa = PBXHeadersBuildPhase;
			buildActionMask = 2147483647;
			files = (
			);
			runOnlyForDeploymentPostprocessing = 0;
		};
/* End PBXHeadersBuildPhase section */

/* Begin PBXNativeTarget section */
		49DFEEB126DB499200749A41 /* CathayNowPlaying */ = {
			isa = PBXNativeTarget;
			buildConfigurationList = 49DFEEC626DB499200749A41 /* Build configuration list for PBXNativeTarget "CathayNowPlaying" */;
			buildPhases = (
				49DFEEAD26DB499200749A41 /* Headers */,
				49DFEEAE26DB499200749A41 /* Sources */,
				49DFEEAF26DB499200749A41 /* Frameworks */,
				49DFEEB026DB499200749A41 /* Resources */,
				49DFEF9A26DB871E00749A41 /* Embed Frameworks */,
			);
			buildRules = (
			);
			dependencies = (
			);
			name = CathayNowPlaying;
			productName = CathayNowPlaying;
			productReference = 49DFEEB226DB499200749A41 /* CathayNowPlaying.framework */;
			productType = "com.apple.product-type.framework";
		};
		49DFEEBA26DB499200749A41 /* CathayNowPlayingTests */ = {
			isa = PBXNativeTarget;
			buildConfigurationList = 49DFEEC926DB499200749A41 /* Build configuration list for PBXNativeTarget "CathayNowPlayingTests" */;
			buildPhases = (
				49DFEEB726DB499200749A41 /* Sources */,
				49DFEEB826DB499200749A41 /* Frameworks */,
				49DFEEB926DB499200749A41 /* Resources */,
			);
			buildRules = (
			);
			dependencies = (
				49DFEEBE26DB499200749A41 /* PBXTargetDependency */,
			);
			name = CathayNowPlayingTests;
			productName = CathayNowPlayingTests;
			productReference = 49DFEEBB26DB499200749A41 /* CathayNowPlayingTests.xctest */;
			productType = "com.apple.product-type.bundle.unit-test";
		};
		49DFEF6526DB793300749A41 /* CathayNowPlayingiOS */ = {
			isa = PBXNativeTarget;
			buildConfigurationList = 49DFEF7B26DB793300749A41 /* Build configuration list for PBXNativeTarget "CathayNowPlayingiOS" */;
			buildPhases = (
				49DFEF6126DB793300749A41 /* Headers */,
				49DFEF6226DB793300749A41 /* Sources */,
				49DFEF6326DB793300749A41 /* Frameworks */,
				49DFEF6426DB793300749A41 /* Resources */,
				49DFEF9F26DB889F00749A41 /* Embed Frameworks */,
			);
			buildRules = (
			);
			dependencies = (
				49DFEF9E26DB889F00749A41 /* PBXTargetDependency */,
			);
			name = CathayNowPlayingiOS;
			productName = CathayNowPlayingiOS;
			productReference = 49DFEF6626DB793300749A41 /* CathayNowPlayingiOS.framework */;
			productType = "com.apple.product-type.framework";
		};
		49DFEF6D26DB793300749A41 /* CathayNowPlayingiOSTests */ = {
			isa = PBXNativeTarget;
			buildConfigurationList = 49DFEF7C26DB793300749A41 /* Build configuration list for PBXNativeTarget "CathayNowPlayingiOSTests" */;
			buildPhases = (
				49DFEF6A26DB793300749A41 /* Sources */,
				49DFEF6B26DB793300749A41 /* Frameworks */,
				49DFEF6C26DB793300749A41 /* Resources */,
			);
			buildRules = (
			);
			dependencies = (
				49DFEF7126DB793300749A41 /* PBXTargetDependency */,
			);
			name = CathayNowPlayingiOSTests;
			productName = CathayNowPlayingiOSTests;
			productReference = 49DFEF6E26DB793300749A41 /* CathayNowPlayingiOSTests.xctest */;
			productType = "com.apple.product-type.bundle.unit-test";
		};
/* End PBXNativeTarget section */

/* Begin PBXProject section */
		49DFEEA926DB499200749A41 /* Project object */ = {
			isa = PBXProject;
			attributes = {
				LastSwiftUpdateCheck = 1250;
				LastUpgradeCheck = 1250;
				TargetAttributes = {
					49DFEEB126DB499200749A41 = {
						CreatedOnToolsVersion = 12.5;
						LastSwiftMigration = 1250;
					};
					49DFEEBA26DB499200749A41 = {
						CreatedOnToolsVersion = 12.5;
						LastSwiftMigration = 1250;
					};
					49DFEF6526DB793300749A41 = {
						CreatedOnToolsVersion = 12.5;
						LastSwiftMigration = 1250;
					};
					49DFEF6D26DB793300749A41 = {
						CreatedOnToolsVersion = 12.5;
						LastSwiftMigration = 1250;
					};
				};
			};
			buildConfigurationList = 49DFEEAC26DB499200749A41 /* Build configuration list for PBXProject "CathayNowPlaying" */;
			compatibilityVersion = "Xcode 9.3";
			developmentRegion = en;
			hasScannedForEncodings = 0;
			knownRegions = (
				en,
				Base,
			);
			mainGroup = 49DFEEA826DB499200749A41;
			productRefGroup = 49DFEEB326DB499200749A41 /* Products */;
			projectDirPath = "";
			projectRoot = "";
			targets = (
				49DFEEB126DB499200749A41 /* CathayNowPlaying */,
				49DFEEBA26DB499200749A41 /* CathayNowPlayingTests */,
				49DFEF6526DB793300749A41 /* CathayNowPlayingiOS */,
				49DFEF6D26DB793300749A41 /* CathayNowPlayingiOSTests */,
			);
		};
/* End PBXProject section */

/* Begin PBXResourcesBuildPhase section */
		49DFEEB026DB499200749A41 /* Resources */ = {
			isa = PBXResourcesBuildPhase;
			buildActionMask = 2147483647;
			files = (
			);
			runOnlyForDeploymentPostprocessing = 0;
		};
		49DFEEB926DB499200749A41 /* Resources */ = {
			isa = PBXResourcesBuildPhase;
			buildActionMask = 2147483647;
			files = (
			);
			runOnlyForDeploymentPostprocessing = 0;
		};
		49DFEF6426DB793300749A41 /* Resources */ = {
			isa = PBXResourcesBuildPhase;
			buildActionMask = 2147483647;
			files = (
			);
			runOnlyForDeploymentPostprocessing = 0;
		};
		49DFEF6C26DB793300749A41 /* Resources */ = {
			isa = PBXResourcesBuildPhase;
			buildActionMask = 2147483647;
			files = (
			);
			runOnlyForDeploymentPostprocessing = 0;
		};
/* End PBXResourcesBuildPhase section */

/* Begin PBXSourcesBuildPhase section */
		49DFEEAE26DB499200749A41 /* Sources */ = {
			isa = PBXSourcesBuildPhase;
			buildActionMask = 2147483647;
			files = (
				49DFEEDF26DB61A300749A41 /* HTTPURLResponse+Extension.swift in Sources */,
				49DFEECF26DB4ACC00749A41 /* NowPlayingLoader.swift in Sources */,
				49DFEFC226DBEADE00749A41 /* NowPlayingPresenter.swift in Sources */,
				49DFEFBE26DBEA7600749A41 /* NowPlayingLoadingViewModel.swift in Sources */,
				49DFEFBC26DBEA4600749A41 /* NowPlayingErrorViewModel.swift in Sources */,
				49DFEECD26DB4A7C00749A41 /* NowPlayingCard.swift in Sources */,
				49DFEFC026DBEAB400749A41 /* NowPlayingViewModel.swift in Sources */,
				49DFEEE126DB61CF00749A41 /* NowPlayingItemsMapper.swift in Sources */,
				49DFEEE326DB622A00749A41 /* RemoteNowPlayingLoader.swift in Sources */,
				49DFEED726DB570F00749A41 /* NowPlayingFeed.swift in Sources */,
			);
			runOnlyForDeploymentPostprocessing = 0;
		};
		49DFEEB726DB499200749A41 /* Sources */ = {
			isa = PBXSourcesBuildPhase;
			buildActionMask = 2147483647;
			files = (
				49DFEFB826DBE42C00749A41 /* NowPlayingPresenterTests.swift in Sources */,
				49DFEED326DB4F1900749A41 /* XCTestCase+Extension.swift in Sources */,
				49DFEFC526DBECDC00749A41 /* WeakRefVirtualProxyTests.swift in Sources */,
				49DFEEDC26DB600100749A41 /* HTTPClientSpy.swift in Sources */,
				49DFEED526DB4F8F00749A41 /* LoadNowPlayingFromRemoteUseCaseTests.swift in Sources */,
			);
			runOnlyForDeploymentPostprocessing = 0;
		};
		49DFEF6226DB793300749A41 /* Sources */ = {
			isa = PBXSourcesBuildPhase;
			buildActionMask = 2147483647;
			files = (
				49DFEFA526DBDACD00749A41 /* NowPlayingViewController.swift in Sources */,
				49DFEFB426DBDF7200749A41 /* NowPlayingRefreshController.swift in Sources */,
				49DFEFB226DBDE8300749A41 /* NowPlayingUIComposer.swift in Sources */,
				49DFEFAF26DBDE1D00749A41 /* NowPlayingCardFeedCell.swift in Sources */,
			);
			runOnlyForDeploymentPostprocessing = 0;
		};
		49DFEF6A26DB793300749A41 /* Sources */ = {
			isa = PBXSourcesBuildPhase;
			buildActionMask = 2147483647;
			files = (
				49DFEFA826DBDCC200749A41 /* UIControl+TestHelpers.swift in Sources */,
				49DFEFAA26DBDD0F00749A41 /* UIRefreshControl+TestHelpers.swift in Sources */,
				49DFEFAC26DBDD6F00749A41 /* NowPlayingViewController+TestHelpers.swift in Sources */,
				49DFEF9126DB81FC00749A41 /* XCTestCase+Extension.swift in Sources */,
				49DFEF7E26DB7A0200749A41 /* NowPlayingViewControllerTests.swift in Sources */,
			);
			runOnlyForDeploymentPostprocessing = 0;
		};
/* End PBXSourcesBuildPhase section */

/* Begin PBXTargetDependency section */
		49DFEEBE26DB499200749A41 /* PBXTargetDependency */ = {
			isa = PBXTargetDependency;
			target = 49DFEEB126DB499200749A41 /* CathayNowPlaying */;
			targetProxy = 49DFEEBD26DB499200749A41 /* PBXContainerItemProxy */;
		};
		49DFEF7126DB793300749A41 /* PBXTargetDependency */ = {
			isa = PBXTargetDependency;
			target = 49DFEF6526DB793300749A41 /* CathayNowPlayingiOS */;
			targetProxy = 49DFEF7026DB793300749A41 /* PBXContainerItemProxy */;
		};
		49DFEF9E26DB889F00749A41 /* PBXTargetDependency */ = {
			isa = PBXTargetDependency;
			target = 49DFEEB126DB499200749A41 /* CathayNowPlaying */;
			targetProxy = 49DFEF9D26DB889F00749A41 /* PBXContainerItemProxy */;
		};
/* End PBXTargetDependency section */

/* Begin XCBuildConfiguration section */
		49DFEEC426DB499200749A41 /* Debug */ = {
			isa = XCBuildConfiguration;
			buildSettings = {
				ALWAYS_SEARCH_USER_PATHS = NO;
				CLANG_ANALYZER_NONNULL = YES;
				CLANG_ANALYZER_NUMBER_OBJECT_CONVERSION = YES_AGGRESSIVE;
				CLANG_CXX_LANGUAGE_STANDARD = "gnu++14";
				CLANG_CXX_LIBRARY = "libc++";
				CLANG_ENABLE_MODULES = YES;
				CLANG_ENABLE_OBJC_ARC = YES;
				CLANG_ENABLE_OBJC_WEAK = YES;
				CLANG_WARN_BLOCK_CAPTURE_AUTORELEASING = YES;
				CLANG_WARN_BOOL_CONVERSION = YES;
				CLANG_WARN_COMMA = YES;
				CLANG_WARN_CONSTANT_CONVERSION = YES;
				CLANG_WARN_DEPRECATED_OBJC_IMPLEMENTATIONS = YES;
				CLANG_WARN_DIRECT_OBJC_ISA_USAGE = YES_ERROR;
				CLANG_WARN_DOCUMENTATION_COMMENTS = YES;
				CLANG_WARN_EMPTY_BODY = YES;
				CLANG_WARN_ENUM_CONVERSION = YES;
				CLANG_WARN_INFINITE_RECURSION = YES;
				CLANG_WARN_INT_CONVERSION = YES;
				CLANG_WARN_NON_LITERAL_NULL_CONVERSION = YES;
				CLANG_WARN_OBJC_IMPLICIT_RETAIN_SELF = YES;
				CLANG_WARN_OBJC_LITERAL_CONVERSION = YES;
				CLANG_WARN_OBJC_ROOT_CLASS = YES_ERROR;
				CLANG_WARN_QUOTED_INCLUDE_IN_FRAMEWORK_HEADER = YES;
				CLANG_WARN_RANGE_LOOP_ANALYSIS = YES;
				CLANG_WARN_STRICT_PROTOTYPES = YES;
				CLANG_WARN_SUSPICIOUS_MOVE = YES;
				CLANG_WARN_UNGUARDED_AVAILABILITY = YES_AGGRESSIVE;
				CLANG_WARN_UNREACHABLE_CODE = YES;
				CLANG_WARN__DUPLICATE_METHOD_MATCH = YES;
				COPY_PHASE_STRIP = NO;
				CURRENT_PROJECT_VERSION = 1;
				DEBUG_INFORMATION_FORMAT = dwarf;
				ENABLE_STRICT_OBJC_MSGSEND = YES;
				ENABLE_TESTABILITY = YES;
				GCC_C_LANGUAGE_STANDARD = gnu11;
				GCC_DYNAMIC_NO_PIC = NO;
				GCC_NO_COMMON_BLOCKS = YES;
				GCC_OPTIMIZATION_LEVEL = 0;
				GCC_PREPROCESSOR_DEFINITIONS = (
					"DEBUG=1",
					"$(inherited)",
				);
				GCC_WARN_64_TO_32_BIT_CONVERSION = YES;
				GCC_WARN_ABOUT_RETURN_TYPE = YES_ERROR;
				GCC_WARN_UNDECLARED_SELECTOR = YES;
				GCC_WARN_UNINITIALIZED_AUTOS = YES_AGGRESSIVE;
				GCC_WARN_UNUSED_FUNCTION = YES;
				GCC_WARN_UNUSED_VARIABLE = YES;
				MACOSX_DEPLOYMENT_TARGET = 11.3;
				MTL_ENABLE_DEBUG_INFO = INCLUDE_SOURCE;
				MTL_FAST_MATH = YES;
				ONLY_ACTIVE_ARCH = YES;
				SDKROOT = macosx;
				SWIFT_ACTIVE_COMPILATION_CONDITIONS = DEBUG;
				SWIFT_OPTIMIZATION_LEVEL = "-Onone";
				VERSIONING_SYSTEM = "apple-generic";
				VERSION_INFO_PREFIX = "";
			};
			name = Debug;
		};
		49DFEEC526DB499200749A41 /* Release */ = {
			isa = XCBuildConfiguration;
			buildSettings = {
				ALWAYS_SEARCH_USER_PATHS = NO;
				CLANG_ANALYZER_NONNULL = YES;
				CLANG_ANALYZER_NUMBER_OBJECT_CONVERSION = YES_AGGRESSIVE;
				CLANG_CXX_LANGUAGE_STANDARD = "gnu++14";
				CLANG_CXX_LIBRARY = "libc++";
				CLANG_ENABLE_MODULES = YES;
				CLANG_ENABLE_OBJC_ARC = YES;
				CLANG_ENABLE_OBJC_WEAK = YES;
				CLANG_WARN_BLOCK_CAPTURE_AUTORELEASING = YES;
				CLANG_WARN_BOOL_CONVERSION = YES;
				CLANG_WARN_COMMA = YES;
				CLANG_WARN_CONSTANT_CONVERSION = YES;
				CLANG_WARN_DEPRECATED_OBJC_IMPLEMENTATIONS = YES;
				CLANG_WARN_DIRECT_OBJC_ISA_USAGE = YES_ERROR;
				CLANG_WARN_DOCUMENTATION_COMMENTS = YES;
				CLANG_WARN_EMPTY_BODY = YES;
				CLANG_WARN_ENUM_CONVERSION = YES;
				CLANG_WARN_INFINITE_RECURSION = YES;
				CLANG_WARN_INT_CONVERSION = YES;
				CLANG_WARN_NON_LITERAL_NULL_CONVERSION = YES;
				CLANG_WARN_OBJC_IMPLICIT_RETAIN_SELF = YES;
				CLANG_WARN_OBJC_LITERAL_CONVERSION = YES;
				CLANG_WARN_OBJC_ROOT_CLASS = YES_ERROR;
				CLANG_WARN_QUOTED_INCLUDE_IN_FRAMEWORK_HEADER = YES;
				CLANG_WARN_RANGE_LOOP_ANALYSIS = YES;
				CLANG_WARN_STRICT_PROTOTYPES = YES;
				CLANG_WARN_SUSPICIOUS_MOVE = YES;
				CLANG_WARN_UNGUARDED_AVAILABILITY = YES_AGGRESSIVE;
				CLANG_WARN_UNREACHABLE_CODE = YES;
				CLANG_WARN__DUPLICATE_METHOD_MATCH = YES;
				COPY_PHASE_STRIP = NO;
				CURRENT_PROJECT_VERSION = 1;
				DEBUG_INFORMATION_FORMAT = "dwarf-with-dsym";
				ENABLE_NS_ASSERTIONS = NO;
				ENABLE_STRICT_OBJC_MSGSEND = YES;
				GCC_C_LANGUAGE_STANDARD = gnu11;
				GCC_NO_COMMON_BLOCKS = YES;
				GCC_WARN_64_TO_32_BIT_CONVERSION = YES;
				GCC_WARN_ABOUT_RETURN_TYPE = YES_ERROR;
				GCC_WARN_UNDECLARED_SELECTOR = YES;
				GCC_WARN_UNINITIALIZED_AUTOS = YES_AGGRESSIVE;
				GCC_WARN_UNUSED_FUNCTION = YES;
				GCC_WARN_UNUSED_VARIABLE = YES;
				MACOSX_DEPLOYMENT_TARGET = 11.3;
				MTL_ENABLE_DEBUG_INFO = NO;
				MTL_FAST_MATH = YES;
				SDKROOT = macosx;
				SWIFT_COMPILATION_MODE = wholemodule;
				SWIFT_OPTIMIZATION_LEVEL = "-O";
				VERSIONING_SYSTEM = "apple-generic";
				VERSION_INFO_PREFIX = "";
			};
			name = Release;
		};
		49DFEEC726DB499200749A41 /* Debug */ = {
			isa = XCBuildConfiguration;
			buildSettings = {
				CLANG_ENABLE_MODULES = YES;
				CODE_SIGN_STYLE = Automatic;
				COMBINE_HIDPI_IMAGES = YES;
				DEFINES_MODULE = YES;
				DEVELOPMENT_TEAM = U27B56TU48;
				DYLIB_COMPATIBILITY_VERSION = 1;
				DYLIB_CURRENT_VERSION = 1;
				DYLIB_INSTALL_NAME_BASE = "@rpath";
				INFOPLIST_FILE = CathayNowPlaying/Info.plist;
				INSTALL_PATH = "$(LOCAL_LIBRARY_DIR)/Frameworks";
				LD_RUNPATH_SEARCH_PATHS = (
					"$(inherited)",
					"@executable_path/../Frameworks",
					"@loader_path/Frameworks",
				);
				PRODUCT_BUNDLE_IDENTIFIER = com.GanNaSong.CathayNowPlaying;
				PRODUCT_NAME = "$(TARGET_NAME:c99extidentifier)";
				SKIP_INSTALL = YES;
				SUPPORTED_PLATFORMS = "macosx iphonesimulator iphoneos";
				SWIFT_OPTIMIZATION_LEVEL = "-Onone";
				SWIFT_VERSION = 5.0;
			};
			name = Debug;
		};
		49DFEEC826DB499200749A41 /* Release */ = {
			isa = XCBuildConfiguration;
			buildSettings = {
				CLANG_ENABLE_MODULES = YES;
				CODE_SIGN_STYLE = Automatic;
				COMBINE_HIDPI_IMAGES = YES;
				DEFINES_MODULE = YES;
				DEVELOPMENT_TEAM = U27B56TU48;
				DYLIB_COMPATIBILITY_VERSION = 1;
				DYLIB_CURRENT_VERSION = 1;
				DYLIB_INSTALL_NAME_BASE = "@rpath";
				INFOPLIST_FILE = CathayNowPlaying/Info.plist;
				INSTALL_PATH = "$(LOCAL_LIBRARY_DIR)/Frameworks";
				LD_RUNPATH_SEARCH_PATHS = (
					"$(inherited)",
					"@executable_path/../Frameworks",
					"@loader_path/Frameworks",
				);
				PRODUCT_BUNDLE_IDENTIFIER = com.GanNaSong.CathayNowPlaying;
				PRODUCT_NAME = "$(TARGET_NAME:c99extidentifier)";
				SKIP_INSTALL = YES;
				SUPPORTED_PLATFORMS = "macosx iphonesimulator iphoneos";
				SWIFT_VERSION = 5.0;
			};
			name = Release;
		};
		49DFEECA26DB499200749A41 /* Debug */ = {
			isa = XCBuildConfiguration;
			buildSettings = {
				ALWAYS_EMBED_SWIFT_STANDARD_LIBRARIES = YES;
				CLANG_ENABLE_MODULES = YES;
				CODE_SIGN_STYLE = Automatic;
				COMBINE_HIDPI_IMAGES = YES;
				DEVELOPMENT_TEAM = U27B56TU48;
				INFOPLIST_FILE = CathayNowPlayingTests/Info.plist;
				LD_RUNPATH_SEARCH_PATHS = (
					"$(inherited)",
					"@executable_path/../Frameworks",
					"@loader_path/../Frameworks",
				);
				PRODUCT_BUNDLE_IDENTIFIER = com.GanNaSong.CathayNowPlayingTests;
				PRODUCT_NAME = "$(TARGET_NAME)";
				SUPPORTED_PLATFORMS = "macosx iphoneos iphonesimulator";
				SWIFT_OPTIMIZATION_LEVEL = "-Onone";
				SWIFT_VERSION = 5.0;
			};
			name = Debug;
		};
		49DFEECB26DB499200749A41 /* Release */ = {
			isa = XCBuildConfiguration;
			buildSettings = {
				ALWAYS_EMBED_SWIFT_STANDARD_LIBRARIES = YES;
				CLANG_ENABLE_MODULES = YES;
				CODE_SIGN_STYLE = Automatic;
				COMBINE_HIDPI_IMAGES = YES;
				DEVELOPMENT_TEAM = U27B56TU48;
				INFOPLIST_FILE = CathayNowPlayingTests/Info.plist;
				LD_RUNPATH_SEARCH_PATHS = (
					"$(inherited)",
					"@executable_path/../Frameworks",
					"@loader_path/../Frameworks",
				);
				PRODUCT_BUNDLE_IDENTIFIER = com.GanNaSong.CathayNowPlayingTests;
				PRODUCT_NAME = "$(TARGET_NAME)";
				SUPPORTED_PLATFORMS = "macosx iphoneos iphonesimulator";
				SWIFT_VERSION = 5.0;
			};
			name = Release;
		};
		49DFEF7726DB793300749A41 /* Debug */ = {
			isa = XCBuildConfiguration;
			buildSettings = {
				CLANG_ENABLE_MODULES = YES;
				CODE_SIGN_STYLE = Automatic;
				DEFINES_MODULE = YES;
				DEVELOPMENT_TEAM = U27B56TU48;
				DYLIB_COMPATIBILITY_VERSION = 1;
				DYLIB_CURRENT_VERSION = 1;
				DYLIB_INSTALL_NAME_BASE = "@rpath";
				INFOPLIST_FILE = CathayNowPlayingiOS/Info.plist;
				INSTALL_PATH = "$(LOCAL_LIBRARY_DIR)/Frameworks";
				IPHONEOS_DEPLOYMENT_TARGET = 14.5;
				LD_RUNPATH_SEARCH_PATHS = (
					"$(inherited)",
					"@executable_path/Frameworks",
					"@loader_path/Frameworks",
				);
				PRODUCT_BUNDLE_IDENTIFIER = com.GanNaSong.CathayNowPlayingiOS;
				PRODUCT_NAME = "$(TARGET_NAME:c99extidentifier)";
				SDKROOT = iphoneos;
				SKIP_INSTALL = YES;
				SUPPORTED_PLATFORMS = "iphonesimulator iphoneos macosx";
				SUPPORTS_MACCATALYST = NO;
				SWIFT_OPTIMIZATION_LEVEL = "-Onone";
				SWIFT_VERSION = 5.0;
				TARGETED_DEVICE_FAMILY = 1;
			};
			name = Debug;
		};
		49DFEF7826DB793300749A41 /* Release */ = {
			isa = XCBuildConfiguration;
			buildSettings = {
				CLANG_ENABLE_MODULES = YES;
				CODE_SIGN_STYLE = Automatic;
				DEFINES_MODULE = YES;
				DEVELOPMENT_TEAM = U27B56TU48;
				DYLIB_COMPATIBILITY_VERSION = 1;
				DYLIB_CURRENT_VERSION = 1;
				DYLIB_INSTALL_NAME_BASE = "@rpath";
				INFOPLIST_FILE = CathayNowPlayingiOS/Info.plist;
				INSTALL_PATH = "$(LOCAL_LIBRARY_DIR)/Frameworks";
				IPHONEOS_DEPLOYMENT_TARGET = 14.5;
				LD_RUNPATH_SEARCH_PATHS = (
					"$(inherited)",
					"@executable_path/Frameworks",
					"@loader_path/Frameworks",
				);
				PRODUCT_BUNDLE_IDENTIFIER = com.GanNaSong.CathayNowPlayingiOS;
				PRODUCT_NAME = "$(TARGET_NAME:c99extidentifier)";
				SDKROOT = iphoneos;
				SKIP_INSTALL = YES;
				SUPPORTED_PLATFORMS = "iphonesimulator iphoneos macosx";
				SUPPORTS_MACCATALYST = NO;
				SWIFT_VERSION = 5.0;
				TARGETED_DEVICE_FAMILY = 1;
				VALIDATE_PRODUCT = YES;
			};
			name = Release;
		};
		49DFEF7926DB793300749A41 /* Debug */ = {
			isa = XCBuildConfiguration;
			buildSettings = {
				ALWAYS_EMBED_SWIFT_STANDARD_LIBRARIES = YES;
				CLANG_ENABLE_MODULES = YES;
				CODE_SIGN_STYLE = Automatic;
				DEVELOPMENT_TEAM = U27B56TU48;
				INFOPLIST_FILE = CathayNowPlayingiOSTests/Info.plist;
				IPHONEOS_DEPLOYMENT_TARGET = 14.5;
				LD_RUNPATH_SEARCH_PATHS = (
					"$(inherited)",
					"@executable_path/Frameworks",
					"@loader_path/Frameworks",
				);
				PRODUCT_BUNDLE_IDENTIFIER = com.GanNaSong.CathayNowPlayingiOSTests;
				PRODUCT_NAME = "$(TARGET_NAME)";
				SDKROOT = iphoneos;
				SUPPORTED_PLATFORMS = "iphonesimulator iphoneos macosx";
				SWIFT_OPTIMIZATION_LEVEL = "-Onone";
				SWIFT_VERSION = 5.0;
				TARGETED_DEVICE_FAMILY = "1,2";
			};
			name = Debug;
		};
		49DFEF7A26DB793300749A41 /* Release */ = {
			isa = XCBuildConfiguration;
			buildSettings = {
				ALWAYS_EMBED_SWIFT_STANDARD_LIBRARIES = YES;
				CLANG_ENABLE_MODULES = YES;
				CODE_SIGN_STYLE = Automatic;
				DEVELOPMENT_TEAM = U27B56TU48;
				INFOPLIST_FILE = CathayNowPlayingiOSTests/Info.plist;
				IPHONEOS_DEPLOYMENT_TARGET = 14.5;
				LD_RUNPATH_SEARCH_PATHS = (
					"$(inherited)",
					"@executable_path/Frameworks",
					"@loader_path/Frameworks",
				);
				PRODUCT_BUNDLE_IDENTIFIER = com.GanNaSong.CathayNowPlayingiOSTests;
				PRODUCT_NAME = "$(TARGET_NAME)";
				SDKROOT = iphoneos;
				SUPPORTED_PLATFORMS = "iphonesimulator iphoneos macosx";
				SWIFT_VERSION = 5.0;
				TARGETED_DEVICE_FAMILY = "1,2";
				VALIDATE_PRODUCT = YES;
			};
			name = Release;
		};
/* End XCBuildConfiguration section */

/* Begin XCConfigurationList section */
		49DFEEAC26DB499200749A41 /* Build configuration list for PBXProject "CathayNowPlaying" */ = {
			isa = XCConfigurationList;
			buildConfigurations = (
				49DFEEC426DB499200749A41 /* Debug */,
				49DFEEC526DB499200749A41 /* Release */,
			);
			defaultConfigurationIsVisible = 0;
			defaultConfigurationName = Release;
		};
		49DFEEC626DB499200749A41 /* Build configuration list for PBXNativeTarget "CathayNowPlaying" */ = {
			isa = XCConfigurationList;
			buildConfigurations = (
				49DFEEC726DB499200749A41 /* Debug */,
				49DFEEC826DB499200749A41 /* Release */,
			);
			defaultConfigurationIsVisible = 0;
			defaultConfigurationName = Release;
		};
		49DFEEC926DB499200749A41 /* Build configuration list for PBXNativeTarget "CathayNowPlayingTests" */ = {
			isa = XCConfigurationList;
			buildConfigurations = (
				49DFEECA26DB499200749A41 /* Debug */,
				49DFEECB26DB499200749A41 /* Release */,
			);
			defaultConfigurationIsVisible = 0;
			defaultConfigurationName = Release;
		};
		49DFEF7B26DB793300749A41 /* Build configuration list for PBXNativeTarget "CathayNowPlayingiOS" */ = {
			isa = XCConfigurationList;
			buildConfigurations = (
				49DFEF7726DB793300749A41 /* Debug */,
				49DFEF7826DB793300749A41 /* Release */,
			);
			defaultConfigurationIsVisible = 0;
			defaultConfigurationName = Release;
		};
		49DFEF7C26DB793300749A41 /* Build configuration list for PBXNativeTarget "CathayNowPlayingiOSTests" */ = {
			isa = XCConfigurationList;
			buildConfigurations = (
				49DFEF7926DB793300749A41 /* Debug */,
				49DFEF7A26DB793300749A41 /* Release */,
			);
			defaultConfigurationIsVisible = 0;
			defaultConfigurationName = Release;
		};
/* End XCConfigurationList section */
	};
	rootObject = 49DFEEA926DB499200749A41 /* Project object */;
}
