// !$*UTF8*$!
{
	archiveVersion = 1;
	classes = {
	};
	objectVersion = 52;
	objects = {

/* Begin PBXBuildFile section */
		49DFF04D26DCC86200749A41 /* CathayMovieDetails.framework in Frameworks */ = {isa = PBXBuildFile; fileRef = 49DFF04326DCC86200749A41 /* CathayMovieDetails.framework */; };
		49DFF05F26DCC93800749A41 /* Movie.swift in Sources */ = {isa = PBXBuildFile; fileRef = 49DFF05E26DCC93800749A41 /* Movie.swift */; };
		49DFF06126DCC97300749A41 /* MovieLoader.swift in Sources */ = {isa = PBXBuildFile; fileRef = 49DFF06026DCC97300749A41 /* MovieLoader.swift */; };
		49DFF06426DCC9CC00749A41 /* XCTestCase+Extensions.swift in Sources */ = {isa = PBXBuildFile; fileRef = 49DFF06326DCC9CC00749A41 /* XCTestCase+Extensions.swift */; };
		49DFF06626DCC9FD00749A41 /* HTTPClientSpy.swift in Sources */ = {isa = PBXBuildFile; fileRef = 49DFF06526DCC9FD00749A41 /* HTTPClientSpy.swift */; };
		49DFF06826DCCA6100749A41 /* LoadMovieFromRemoteUseCaseTests.swift in Sources */ = {isa = PBXBuildFile; fileRef = 49DFF06726DCCA6100749A41 /* LoadMovieFromRemoteUseCaseTests.swift */; };
		49DFF06B26DCCA7A00749A41 /* CathayNetworking.framework in Frameworks */ = {isa = PBXBuildFile; fileRef = 49DFF06A26DCCA7A00749A41 /* CathayNetworking.framework */; };
		49DFF06C26DCCA7A00749A41 /* CathayNetworking.framework in Embed Frameworks */ = {isa = PBXBuildFile; fileRef = 49DFF06A26DCCA7A00749A41 /* CathayNetworking.framework */; settings = {ATTRIBUTES = (CodeSignOnCopy, RemoveHeadersOnCopy, ); }; };
		49DFF07026DCD16300749A41 /* RemoteMovie.swift in Sources */ = {isa = PBXBuildFile; fileRef = 49DFF06F26DCD16300749A41 /* RemoteMovie.swift */; };
		49DFF07226DCD17F00749A41 /* RemoteMovieLoader.swift in Sources */ = {isa = PBXBuildFile; fileRef = 49DFF07126DCD17F00749A41 /* RemoteMovieLoader.swift */; };
		49DFF08126DCD25200749A41 /* CathayMovieDetailsiOS.framework in Frameworks */ = {isa = PBXBuildFile; fileRef = 49DFF07826DCD25200749A41 /* CathayMovieDetailsiOS.framework */; };
		49DFF08F26DCDA4100749A41 /* CathayMovieDetails.framework in Frameworks */ = {isa = PBXBuildFile; fileRef = 49DFF04326DCC86200749A41 /* CathayMovieDetails.framework */; platformFilter = ios; };
		49DFF09026DCDA4100749A41 /* CathayMovieDetails.framework in Embed Frameworks */ = {isa = PBXBuildFile; fileRef = 49DFF04326DCC86200749A41 /* CathayMovieDetails.framework */; platformFilter = ios; settings = {ATTRIBUTES = (CodeSignOnCopy, RemoveHeadersOnCopy, ); }; };
		49DFF09526DCDA5B00749A41 /* MovieDetailsViewControllerTests.swift in Sources */ = {isa = PBXBuildFile; fileRef = 49DFF09426DCDA5B00749A41 /* MovieDetailsViewControllerTests.swift */; };
		49DFF09626DCDAA700749A41 /* XCTestCase+Extensions.swift in Sources */ = {isa = PBXBuildFile; fileRef = 49DFF06326DCC9CC00749A41 /* XCTestCase+Extensions.swift */; };
/* End PBXBuildFile section */

/* Begin PBXContainerItemProxy section */
		49DFF04E26DCC86200749A41 /* PBXContainerItemProxy */ = {
			isa = PBXContainerItemProxy;
			containerPortal = 49DFF03A26DCC86200749A41 /* Project object */;
			proxyType = 1;
			remoteGlobalIDString = 49DFF04226DCC86200749A41;
			remoteInfo = CathayMovieDetails;
		};
		49DFF08226DCD25200749A41 /* PBXContainerItemProxy */ = {
			isa = PBXContainerItemProxy;
			containerPortal = 49DFF03A26DCC86200749A41 /* Project object */;
			proxyType = 1;
			remoteGlobalIDString = 49DFF07726DCD25200749A41;
			remoteInfo = CathayMovieDetailsiOS;
		};
		49DFF09126DCDA4100749A41 /* PBXContainerItemProxy */ = {
			isa = PBXContainerItemProxy;
			containerPortal = 49DFF03A26DCC86200749A41 /* Project object */;
			proxyType = 1;
			remoteGlobalIDString = 49DFF04226DCC86200749A41;
			remoteInfo = CathayMovieDetails;
		};
/* End PBXContainerItemProxy section */

/* Begin PBXCopyFilesBuildPhase section */
		49DFF06D26DCCA7A00749A41 /* Embed Frameworks */ = {
			isa = PBXCopyFilesBuildPhase;
			buildActionMask = 2147483647;
			dstPath = "";
			dstSubfolderSpec = 10;
			files = (
				49DFF06C26DCCA7A00749A41 /* CathayNetworking.framework in Embed Frameworks */,
			);
			name = "Embed Frameworks";
			runOnlyForDeploymentPostprocessing = 0;
		};
		49DFF09326DCDA4100749A41 /* Embed Frameworks */ = {
			isa = PBXCopyFilesBuildPhase;
			buildActionMask = 2147483647;
			dstPath = "";
			dstSubfolderSpec = 10;
			files = (
				49DFF09026DCDA4100749A41 /* CathayMovieDetails.framework in Embed Frameworks */,
			);
			name = "Embed Frameworks";
			runOnlyForDeploymentPostprocessing = 0;
		};
/* End PBXCopyFilesBuildPhase section */

/* Begin PBXFileReference section */
		49DFF04326DCC86200749A41 /* CathayMovieDetails.framework */ = {isa = PBXFileReference; explicitFileType = wrapper.framework; includeInIndex = 0; path = CathayMovieDetails.framework; sourceTree = BUILT_PRODUCTS_DIR; };
		49DFF04726DCC86200749A41 /* Info.plist */ = {isa = PBXFileReference; lastKnownFileType = text.plist.xml; path = Info.plist; sourceTree = "<group>"; };
		49DFF04C26DCC86200749A41 /* CathayMovieDetailsTests.xctest */ = {isa = PBXFileReference; explicitFileType = wrapper.cfbundle; includeInIndex = 0; path = CathayMovieDetailsTests.xctest; sourceTree = BUILT_PRODUCTS_DIR; };
		49DFF05326DCC86200749A41 /* Info.plist */ = {isa = PBXFileReference; lastKnownFileType = text.plist.xml; path = Info.plist; sourceTree = "<group>"; };
		49DFF05E26DCC93800749A41 /* Movie.swift */ = {isa = PBXFileReference; lastKnownFileType = sourcecode.swift; path = Movie.swift; sourceTree = "<group>"; };
		49DFF06026DCC97300749A41 /* MovieLoader.swift */ = {isa = PBXFileReference; lastKnownFileType = sourcecode.swift; path = MovieLoader.swift; sourceTree = "<group>"; };
		49DFF06326DCC9CC00749A41 /* XCTestCase+Extensions.swift */ = {isa = PBXFileReference; lastKnownFileType = sourcecode.swift; path = "XCTestCase+Extensions.swift"; sourceTree = "<group>"; };
		49DFF06526DCC9FD00749A41 /* HTTPClientSpy.swift */ = {isa = PBXFileReference; lastKnownFileType = sourcecode.swift; path = HTTPClientSpy.swift; sourceTree = "<group>"; };
		49DFF06726DCCA6100749A41 /* LoadMovieFromRemoteUseCaseTests.swift */ = {isa = PBXFileReference; lastKnownFileType = sourcecode.swift; path = LoadMovieFromRemoteUseCaseTests.swift; sourceTree = "<group>"; };
		49DFF06A26DCCA7A00749A41 /* CathayNetworking.framework */ = {isa = PBXFileReference; explicitFileType = wrapper.framework; path = CathayNetworking.framework; sourceTree = BUILT_PRODUCTS_DIR; };
		49DFF06F26DCD16300749A41 /* RemoteMovie.swift */ = {isa = PBXFileReference; lastKnownFileType = sourcecode.swift; path = RemoteMovie.swift; sourceTree = "<group>"; };
		49DFF07126DCD17F00749A41 /* RemoteMovieLoader.swift */ = {isa = PBXFileReference; lastKnownFileType = sourcecode.swift; path = RemoteMovieLoader.swift; sourceTree = "<group>"; };
		49DFF07826DCD25200749A41 /* CathayMovieDetailsiOS.framework */ = {isa = PBXFileReference; explicitFileType = wrapper.framework; includeInIndex = 0; path = CathayMovieDetailsiOS.framework; sourceTree = BUILT_PRODUCTS_DIR; };
		49DFF07B26DCD25200749A41 /* Info.plist */ = {isa = PBXFileReference; lastKnownFileType = text.plist.xml; path = Info.plist; sourceTree = "<group>"; };
		49DFF08026DCD25200749A41 /* CathayMovieDetailsiOSTests.xctest */ = {isa = PBXFileReference; explicitFileType = wrapper.cfbundle; includeInIndex = 0; path = CathayMovieDetailsiOSTests.xctest; sourceTree = BUILT_PRODUCTS_DIR; };
		49DFF08726DCD25200749A41 /* Info.plist */ = {isa = PBXFileReference; lastKnownFileType = text.plist.xml; path = Info.plist; sourceTree = "<group>"; };
		49DFF09426DCDA5B00749A41 /* MovieDetailsViewControllerTests.swift */ = {isa = PBXFileReference; lastKnownFileType = sourcecode.swift; path = MovieDetailsViewControllerTests.swift; sourceTree = "<group>"; };
/* End PBXFileReference section */

/* Begin PBXFrameworksBuildPhase section */
		49DFF04026DCC86200749A41 /* Frameworks */ = {
			isa = PBXFrameworksBuildPhase;
			buildActionMask = 2147483647;
			files = (
				49DFF06B26DCCA7A00749A41 /* CathayNetworking.framework in Frameworks */,
			);
			runOnlyForDeploymentPostprocessing = 0;
		};
		49DFF04926DCC86200749A41 /* Frameworks */ = {
			isa = PBXFrameworksBuildPhase;
			buildActionMask = 2147483647;
			files = (
				49DFF04D26DCC86200749A41 /* CathayMovieDetails.framework in Frameworks */,
			);
			runOnlyForDeploymentPostprocessing = 0;
		};
		49DFF07526DCD25200749A41 /* Frameworks */ = {
			isa = PBXFrameworksBuildPhase;
			buildActionMask = 2147483647;
			files = (
				49DFF08F26DCDA4100749A41 /* CathayMovieDetails.framework in Frameworks */,
			);
			runOnlyForDeploymentPostprocessing = 0;
		};
		49DFF07D26DCD25200749A41 /* Frameworks */ = {
			isa = PBXFrameworksBuildPhase;
			buildActionMask = 2147483647;
			files = (
				49DFF08126DCD25200749A41 /* CathayMovieDetailsiOS.framework in Frameworks */,
			);
			runOnlyForDeploymentPostprocessing = 0;
		};
/* End PBXFrameworksBuildPhase section */

/* Begin PBXGroup section */
		49DFF03926DCC86200749A41 = {
			isa = PBXGroup;
			children = (
				49DFF04526DCC86200749A41 /* CathayMovieDetails */,
				49DFF05026DCC86200749A41 /* CathayMovieDetailsTests */,
				49DFF07926DCD25200749A41 /* CathayMovieDetailsiOS */,
				49DFF08426DCD25200749A41 /* CathayMovieDetailsiOSTests */,
				49DFF04426DCC86200749A41 /* Products */,
				49DFF06926DCCA7A00749A41 /* Frameworks */,
			);
			sourceTree = "<group>";
		};
		49DFF04426DCC86200749A41 /* Products */ = {
			isa = PBXGroup;
			children = (
				49DFF04326DCC86200749A41 /* CathayMovieDetails.framework */,
				49DFF04C26DCC86200749A41 /* CathayMovieDetailsTests.xctest */,
				49DFF07826DCD25200749A41 /* CathayMovieDetailsiOS.framework */,
				49DFF08026DCD25200749A41 /* CathayMovieDetailsiOSTests.xctest */,
			);
			name = Products;
			sourceTree = "<group>";
		};
		49DFF04526DCC86200749A41 /* CathayMovieDetails */ = {
			isa = PBXGroup;
			children = (
				49DFF06E26DCD15400749A41 /* API */,
				49DFF05D26DCC92B00749A41 /* Feature */,
				49DFF04726DCC86200749A41 /* Info.plist */,
			);
			path = CathayMovieDetails;
			sourceTree = "<group>";
		};
		49DFF05026DCC86200749A41 /* CathayMovieDetailsTests */ = {
			isa = PBXGroup;
			children = (
				49DFF06226DCC9B000749A41 /* Helpers */,
				49DFF05326DCC86200749A41 /* Info.plist */,
				49DFF06726DCCA6100749A41 /* LoadMovieFromRemoteUseCaseTests.swift */,
			);
			path = CathayMovieDetailsTests;
			sourceTree = "<group>";
		};
		49DFF05D26DCC92B00749A41 /* Feature */ = {
			isa = PBXGroup;
			children = (
				49DFF05E26DCC93800749A41 /* Movie.swift */,
				49DFF06026DCC97300749A41 /* MovieLoader.swift */,
			);
			path = Feature;
			sourceTree = "<group>";
		};
		49DFF06226DCC9B000749A41 /* Helpers */ = {
			isa = PBXGroup;
			children = (
				49DFF06326DCC9CC00749A41 /* XCTestCase+Extensions.swift */,
				49DFF06526DCC9FD00749A41 /* HTTPClientSpy.swift */,
			);
			path = Helpers;
			sourceTree = "<group>";
		};
		49DFF06926DCCA7A00749A41 /* Frameworks */ = {
			isa = PBXGroup;
			children = (
				49DFF06A26DCCA7A00749A41 /* CathayNetworking.framework */,
			);
			name = Frameworks;
			sourceTree = "<group>";
		};
		49DFF06E26DCD15400749A41 /* API */ = {
			isa = PBXGroup;
			children = (
				49DFF06F26DCD16300749A41 /* RemoteMovie.swift */,
				49DFF07126DCD17F00749A41 /* RemoteMovieLoader.swift */,
			);
			path = API;
			sourceTree = "<group>";
		};
		49DFF07926DCD25200749A41 /* CathayMovieDetailsiOS */ = {
			isa = PBXGroup;
			children = (
				49DFF07B26DCD25200749A41 /* Info.plist */,
			);
			path = CathayMovieDetailsiOS;
			sourceTree = "<group>";
		};
		49DFF08426DCD25200749A41 /* CathayMovieDetailsiOSTests */ = {
			isa = PBXGroup;
			children = (
				49DFF08726DCD25200749A41 /* Info.plist */,
				49DFF09426DCDA5B00749A41 /* MovieDetailsViewControllerTests.swift */,
			);
			path = CathayMovieDetailsiOSTests;
			sourceTree = "<group>";
		};
/* End PBXGroup section */

/* Begin PBXHeadersBuildPhase section */
		49DFF03E26DCC86200749A41 /* Headers */ = {
			isa = PBXHeadersBuildPhase;
			buildActionMask = 2147483647;
			files = (
			);
			runOnlyForDeploymentPostprocessing = 0;
		};
		49DFF07326DCD25200749A41 /* Headers */ = {
			isa = PBXHeadersBuildPhase;
			buildActionMask = 2147483647;
			files = (
			);
			runOnlyForDeploymentPostprocessing = 0;
		};
/* End PBXHeadersBuildPhase section */

/* Begin PBXNativeTarget section */
		49DFF04226DCC86200749A41 /* CathayMovieDetails */ = {
			isa = PBXNativeTarget;
			buildConfigurationList = 49DFF05726DCC86200749A41 /* Build configuration list for PBXNativeTarget "CathayMovieDetails" */;
			buildPhases = (
				49DFF03E26DCC86200749A41 /* Headers */,
				49DFF03F26DCC86200749A41 /* Sources */,
				49DFF04026DCC86200749A41 /* Frameworks */,
				49DFF04126DCC86200749A41 /* Resources */,
				49DFF06D26DCCA7A00749A41 /* Embed Frameworks */,
			);
			buildRules = (
			);
			dependencies = (
			);
			name = CathayMovieDetails;
			productName = CathayMovieDetails;
			productReference = 49DFF04326DCC86200749A41 /* CathayMovieDetails.framework */;
			productType = "com.apple.product-type.framework";
		};
		49DFF04B26DCC86200749A41 /* CathayMovieDetailsTests */ = {
			isa = PBXNativeTarget;
			buildConfigurationList = 49DFF05A26DCC86200749A41 /* Build configuration list for PBXNativeTarget "CathayMovieDetailsTests" */;
			buildPhases = (
				49DFF04826DCC86200749A41 /* Sources */,
				49DFF04926DCC86200749A41 /* Frameworks */,
				49DFF04A26DCC86200749A41 /* Resources */,
			);
			buildRules = (
			);
			dependencies = (
				49DFF04F26DCC86200749A41 /* PBXTargetDependency */,
			);
			name = CathayMovieDetailsTests;
			productName = CathayMovieDetailsTests;
			productReference = 49DFF04C26DCC86200749A41 /* CathayMovieDetailsTests.xctest */;
			productType = "com.apple.product-type.bundle.unit-test";
		};
		49DFF07726DCD25200749A41 /* CathayMovieDetailsiOS */ = {
			isa = PBXNativeTarget;
			buildConfigurationList = 49DFF08926DCD25200749A41 /* Build configuration list for PBXNativeTarget "CathayMovieDetailsiOS" */;
			buildPhases = (
				49DFF07326DCD25200749A41 /* Headers */,
				49DFF07426DCD25200749A41 /* Sources */,
				49DFF07526DCD25200749A41 /* Frameworks */,
				49DFF07626DCD25200749A41 /* Resources */,
				49DFF09326DCDA4100749A41 /* Embed Frameworks */,
			);
			buildRules = (
			);
			dependencies = (
				49DFF09226DCDA4100749A41 /* PBXTargetDependency */,
			);
			name = CathayMovieDetailsiOS;
			productName = CathayMovieDetailsiOS;
			productReference = 49DFF07826DCD25200749A41 /* CathayMovieDetailsiOS.framework */;
			productType = "com.apple.product-type.framework";
		};
		49DFF07F26DCD25200749A41 /* CathayMovieDetailsiOSTests */ = {
			isa = PBXNativeTarget;
			buildConfigurationList = 49DFF08C26DCD25200749A41 /* Build configuration list for PBXNativeTarget "CathayMovieDetailsiOSTests" */;
			buildPhases = (
				49DFF07C26DCD25200749A41 /* Sources */,
				49DFF07D26DCD25200749A41 /* Frameworks */,
				49DFF07E26DCD25200749A41 /* Resources */,
			);
			buildRules = (
			);
			dependencies = (
				49DFF08326DCD25200749A41 /* PBXTargetDependency */,
			);
			name = CathayMovieDetailsiOSTests;
			productName = CathayMovieDetailsiOSTests;
			productReference = 49DFF08026DCD25200749A41 /* CathayMovieDetailsiOSTests.xctest */;
			productType = "com.apple.product-type.bundle.unit-test";
		};
/* End PBXNativeTarget section */

/* Begin PBXProject section */
		49DFF03A26DCC86200749A41 /* Project object */ = {
			isa = PBXProject;
			attributes = {
				LastSwiftUpdateCheck = 1250;
				LastUpgradeCheck = 1250;
				TargetAttributes = {
					49DFF04226DCC86200749A41 = {
						CreatedOnToolsVersion = 12.5;
						LastSwiftMigration = 1250;
					};
					49DFF04B26DCC86200749A41 = {
						CreatedOnToolsVersion = 12.5;
						LastSwiftMigration = 1250;
					};
					49DFF07726DCD25200749A41 = {
						CreatedOnToolsVersion = 12.5;
					};
					49DFF07F26DCD25200749A41 = {
						CreatedOnToolsVersion = 12.5;
						LastSwiftMigration = 1250;
					};
				};
			};
			buildConfigurationList = 49DFF03D26DCC86200749A41 /* Build configuration list for PBXProject "CathayMovieDetails" */;
			compatibilityVersion = "Xcode 9.3";
			developmentRegion = en;
			hasScannedForEncodings = 0;
			knownRegions = (
				en,
				Base,
			);
			mainGroup = 49DFF03926DCC86200749A41;
			productRefGroup = 49DFF04426DCC86200749A41 /* Products */;
			projectDirPath = "";
			projectRoot = "";
			targets = (
				49DFF04226DCC86200749A41 /* CathayMovieDetails */,
				49DFF04B26DCC86200749A41 /* CathayMovieDetailsTests */,
				49DFF07726DCD25200749A41 /* CathayMovieDetailsiOS */,
				49DFF07F26DCD25200749A41 /* CathayMovieDetailsiOSTests */,
			);
		};
/* End PBXProject section */

/* Begin PBXResourcesBuildPhase section */
		49DFF04126DCC86200749A41 /* Resources */ = {
			isa = PBXResourcesBuildPhase;
			buildActionMask = 2147483647;
			files = (
			);
			runOnlyForDeploymentPostprocessing = 0;
		};
		49DFF04A26DCC86200749A41 /* Resources */ = {
			isa = PBXResourcesBuildPhase;
			buildActionMask = 2147483647;
			files = (
			);
			runOnlyForDeploymentPostprocessing = 0;
		};
		49DFF07626DCD25200749A41 /* Resources */ = {
			isa = PBXResourcesBuildPhase;
			buildActionMask = 2147483647;
			files = (
			);
			runOnlyForDeploymentPostprocessing = 0;
		};
		49DFF07E26DCD25200749A41 /* Resources */ = {
			isa = PBXResourcesBuildPhase;
			buildActionMask = 2147483647;
			files = (
			);
			runOnlyForDeploymentPostprocessing = 0;
		};
/* End PBXResourcesBuildPhase section */

/* Begin PBXSourcesBuildPhase section */
		49DFF03F26DCC86200749A41 /* Sources */ = {
			isa = PBXSourcesBuildPhase;
			buildActionMask = 2147483647;
			files = (
				49DFF07026DCD16300749A41 /* RemoteMovie.swift in Sources */,
				49DFF07226DCD17F00749A41 /* RemoteMovieLoader.swift in Sources */,
				49DFF05F26DCC93800749A41 /* Movie.swift in Sources */,
				49DFF06126DCC97300749A41 /* MovieLoader.swift in Sources */,
			);
			runOnlyForDeploymentPostprocessing = 0;
		};
		49DFF04826DCC86200749A41 /* Sources */ = {
			isa = PBXSourcesBuildPhase;
			buildActionMask = 2147483647;
			files = (
				49DFF06426DCC9CC00749A41 /* XCTestCase+Extensions.swift in Sources */,
				49DFF06826DCCA6100749A41 /* LoadMovieFromRemoteUseCaseTests.swift in Sources */,
				49DFF06626DCC9FD00749A41 /* HTTPClientSpy.swift in Sources */,
			);
			runOnlyForDeploymentPostprocessing = 0;
		};
		49DFF07426DCD25200749A41 /* Sources */ = {
			isa = PBXSourcesBuildPhase;
			buildActionMask = 2147483647;
			files = (
			);
			runOnlyForDeploymentPostprocessing = 0;
		};
		49DFF07C26DCD25200749A41 /* Sources */ = {
			isa = PBXSourcesBuildPhase;
			buildActionMask = 2147483647;
			files = (
				49DFF09626DCDAA700749A41 /* XCTestCase+Extensions.swift in Sources */,
				49DFF09526DCDA5B00749A41 /* MovieDetailsViewControllerTests.swift in Sources */,
			);
			runOnlyForDeploymentPostprocessing = 0;
		};
/* End PBXSourcesBuildPhase section */

/* Begin PBXTargetDependency section */
		49DFF04F26DCC86200749A41 /* PBXTargetDependency */ = {
			isa = PBXTargetDependency;
			target = 49DFF04226DCC86200749A41 /* CathayMovieDetails */;
			targetProxy = 49DFF04E26DCC86200749A41 /* PBXContainerItemProxy */;
		};
		49DFF08326DCD25200749A41 /* PBXTargetDependency */ = {
			isa = PBXTargetDependency;
			target = 49DFF07726DCD25200749A41 /* CathayMovieDetailsiOS */;
			targetProxy = 49DFF08226DCD25200749A41 /* PBXContainerItemProxy */;
		};
		49DFF09226DCDA4100749A41 /* PBXTargetDependency */ = {
			isa = PBXTargetDependency;
			platformFilter = ios;
			target = 49DFF04226DCC86200749A41 /* CathayMovieDetails */;
			targetProxy = 49DFF09126DCDA4100749A41 /* PBXContainerItemProxy */;
		};
/* End PBXTargetDependency section */

/* Begin XCBuildConfiguration section */
		49DFF05526DCC86200749A41 /* Debug */ = {
			isa = XCBuildConfiguration;
			buildSettings = {
				ALWAYS_SEARCH_USER_PATHS = NO;
				CLANG_ANALYZER_NONNULL = YES;
				CLANG_ANALYZER_NUMBER_OBJECT_CONVERSION = YES_AGGRESSIVE;
				CLANG_CXX_LANGUAGE_STANDARD = "gnu++14";
				CLANG_CXX_LIBRARY = "libc++";
				CLANG_ENABLE_MODULES = YES;
				CLANG_ENABLE_OBJC_ARC = YES;
				CLANG_ENABLE_OBJC_WEAK = YES;
				CLANG_WARN_BLOCK_CAPTURE_AUTORELEASING = YES;
				CLANG_WARN_BOOL_CONVERSION = YES;
				CLANG_WARN_COMMA = YES;
				CLANG_WARN_CONSTANT_CONVERSION = YES;
				CLANG_WARN_DEPRECATED_OBJC_IMPLEMENTATIONS = YES;
				CLANG_WARN_DIRECT_OBJC_ISA_USAGE = YES_ERROR;
				CLANG_WARN_DOCUMENTATION_COMMENTS = YES;
				CLANG_WARN_EMPTY_BODY = YES;
				CLANG_WARN_ENUM_CONVERSION = YES;
				CLANG_WARN_INFINITE_RECURSION = YES;
				CLANG_WARN_INT_CONVERSION = YES;
				CLANG_WARN_NON_LITERAL_NULL_CONVERSION = YES;
				CLANG_WARN_OBJC_IMPLICIT_RETAIN_SELF = YES;
				CLANG_WARN_OBJC_LITERAL_CONVERSION = YES;
				CLANG_WARN_OBJC_ROOT_CLASS = YES_ERROR;
				CLANG_WARN_QUOTED_INCLUDE_IN_FRAMEWORK_HEADER = YES;
				CLANG_WARN_RANGE_LOOP_ANALYSIS = YES;
				CLANG_WARN_STRICT_PROTOTYPES = YES;
				CLANG_WARN_SUSPICIOUS_MOVE = YES;
				CLANG_WARN_UNGUARDED_AVAILABILITY = YES_AGGRESSIVE;
				CLANG_WARN_UNREACHABLE_CODE = YES;
				CLANG_WARN__DUPLICATE_METHOD_MATCH = YES;
				COPY_PHASE_STRIP = NO;
				CURRENT_PROJECT_VERSION = 1;
				DEBUG_INFORMATION_FORMAT = dwarf;
				ENABLE_STRICT_OBJC_MSGSEND = YES;
				ENABLE_TESTABILITY = YES;
				GCC_C_LANGUAGE_STANDARD = gnu11;
				GCC_DYNAMIC_NO_PIC = NO;
				GCC_NO_COMMON_BLOCKS = YES;
				GCC_OPTIMIZATION_LEVEL = 0;
				GCC_PREPROCESSOR_DEFINITIONS = (
					"DEBUG=1",
					"$(inherited)",
				);
				GCC_WARN_64_TO_32_BIT_CONVERSION = YES;
				GCC_WARN_ABOUT_RETURN_TYPE = YES_ERROR;
				GCC_WARN_UNDECLARED_SELECTOR = YES;
				GCC_WARN_UNINITIALIZED_AUTOS = YES_AGGRESSIVE;
				GCC_WARN_UNUSED_FUNCTION = YES;
				GCC_WARN_UNUSED_VARIABLE = YES;
				MACOSX_DEPLOYMENT_TARGET = 11.3;
				MTL_ENABLE_DEBUG_INFO = INCLUDE_SOURCE;
				MTL_FAST_MATH = YES;
				ONLY_ACTIVE_ARCH = YES;
				SDKROOT = macosx;
				SWIFT_ACTIVE_COMPILATION_CONDITIONS = DEBUG;
				SWIFT_OPTIMIZATION_LEVEL = "-Onone";
				VERSIONING_SYSTEM = "apple-generic";
				VERSION_INFO_PREFIX = "";
			};
			name = Debug;
		};
		49DFF05626DCC86200749A41 /* Release */ = {
			isa = XCBuildConfiguration;
			buildSettings = {
				ALWAYS_SEARCH_USER_PATHS = NO;
				CLANG_ANALYZER_NONNULL = YES;
				CLANG_ANALYZER_NUMBER_OBJECT_CONVERSION = YES_AGGRESSIVE;
				CLANG_CXX_LANGUAGE_STANDARD = "gnu++14";
				CLANG_CXX_LIBRARY = "libc++";
				CLANG_ENABLE_MODULES = YES;
				CLANG_ENABLE_OBJC_ARC = YES;
				CLANG_ENABLE_OBJC_WEAK = YES;
				CLANG_WARN_BLOCK_CAPTURE_AUTORELEASING = YES;
				CLANG_WARN_BOOL_CONVERSION = YES;
				CLANG_WARN_COMMA = YES;
				CLANG_WARN_CONSTANT_CONVERSION = YES;
				CLANG_WARN_DEPRECATED_OBJC_IMPLEMENTATIONS = YES;
				CLANG_WARN_DIRECT_OBJC_ISA_USAGE = YES_ERROR;
				CLANG_WARN_DOCUMENTATION_COMMENTS = YES;
				CLANG_WARN_EMPTY_BODY = YES;
				CLANG_WARN_ENUM_CONVERSION = YES;
				CLANG_WARN_INFINITE_RECURSION = YES;
				CLANG_WARN_INT_CONVERSION = YES;
				CLANG_WARN_NON_LITERAL_NULL_CONVERSION = YES;
				CLANG_WARN_OBJC_IMPLICIT_RETAIN_SELF = YES;
				CLANG_WARN_OBJC_LITERAL_CONVERSION = YES;
				CLANG_WARN_OBJC_ROOT_CLASS = YES_ERROR;
				CLANG_WARN_QUOTED_INCLUDE_IN_FRAMEWORK_HEADER = YES;
				CLANG_WARN_RANGE_LOOP_ANALYSIS = YES;
				CLANG_WARN_STRICT_PROTOTYPES = YES;
				CLANG_WARN_SUSPICIOUS_MOVE = YES;
				CLANG_WARN_UNGUARDED_AVAILABILITY = YES_AGGRESSIVE;
				CLANG_WARN_UNREACHABLE_CODE = YES;
				CLANG_WARN__DUPLICATE_METHOD_MATCH = YES;
				COPY_PHASE_STRIP = NO;
				CURRENT_PROJECT_VERSION = 1;
				DEBUG_INFORMATION_FORMAT = "dwarf-with-dsym";
				ENABLE_NS_ASSERTIONS = NO;
				ENABLE_STRICT_OBJC_MSGSEND = YES;
				GCC_C_LANGUAGE_STANDARD = gnu11;
				GCC_NO_COMMON_BLOCKS = YES;
				GCC_WARN_64_TO_32_BIT_CONVERSION = YES;
				GCC_WARN_ABOUT_RETURN_TYPE = YES_ERROR;
				GCC_WARN_UNDECLARED_SELECTOR = YES;
				GCC_WARN_UNINITIALIZED_AUTOS = YES_AGGRESSIVE;
				GCC_WARN_UNUSED_FUNCTION = YES;
				GCC_WARN_UNUSED_VARIABLE = YES;
				MACOSX_DEPLOYMENT_TARGET = 11.3;
				MTL_ENABLE_DEBUG_INFO = NO;
				MTL_FAST_MATH = YES;
				SDKROOT = macosx;
				SWIFT_COMPILATION_MODE = wholemodule;
				SWIFT_OPTIMIZATION_LEVEL = "-O";
				VERSIONING_SYSTEM = "apple-generic";
				VERSION_INFO_PREFIX = "";
			};
			name = Release;
		};
		49DFF05826DCC86200749A41 /* Debug */ = {
			isa = XCBuildConfiguration;
			buildSettings = {
				CLANG_ENABLE_MODULES = YES;
				CODE_SIGN_STYLE = Automatic;
				COMBINE_HIDPI_IMAGES = YES;
				DEFINES_MODULE = YES;
				DEVELOPMENT_TEAM = U27B56TU48;
				DYLIB_COMPATIBILITY_VERSION = 1;
				DYLIB_CURRENT_VERSION = 1;
				DYLIB_INSTALL_NAME_BASE = "@rpath";
				INFOPLIST_FILE = CathayMovieDetails/Info.plist;
				INSTALL_PATH = "$(LOCAL_LIBRARY_DIR)/Frameworks";
				LD_RUNPATH_SEARCH_PATHS = (
					"$(inherited)",
					"@executable_path/../Frameworks",
					"@loader_path/Frameworks",
				);
				PRODUCT_BUNDLE_IDENTIFIER = com.GanNaSong.CathayMovieDetails;
				PRODUCT_NAME = "$(TARGET_NAME:c99extidentifier)";
				SKIP_INSTALL = YES;
				SUPPORTED_PLATFORMS = "macosx iphoneos iphonesimulator";
				SWIFT_OPTIMIZATION_LEVEL = "-Onone";
				SWIFT_VERSION = 5.0;
			};
			name = Debug;
		};
		49DFF05926DCC86200749A41 /* Release */ = {
			isa = XCBuildConfiguration;
			buildSettings = {
				CLANG_ENABLE_MODULES = YES;
				CODE_SIGN_STYLE = Automatic;
				COMBINE_HIDPI_IMAGES = YES;
				DEFINES_MODULE = YES;
				DEVELOPMENT_TEAM = U27B56TU48;
				DYLIB_COMPATIBILITY_VERSION = 1;
				DYLIB_CURRENT_VERSION = 1;
				DYLIB_INSTALL_NAME_BASE = "@rpath";
				INFOPLIST_FILE = CathayMovieDetails/Info.plist;
				INSTALL_PATH = "$(LOCAL_LIBRARY_DIR)/Frameworks";
				LD_RUNPATH_SEARCH_PATHS = (
					"$(inherited)",
					"@executable_path/../Frameworks",
					"@loader_path/Frameworks",
				);
				PRODUCT_BUNDLE_IDENTIFIER = com.GanNaSong.CathayMovieDetails;
				PRODUCT_NAME = "$(TARGET_NAME:c99extidentifier)";
				SKIP_INSTALL = YES;
				SUPPORTED_PLATFORMS = "macosx iphoneos iphonesimulator";
				SWIFT_VERSION = 5.0;
			};
			name = Release;
		};
		49DFF05B26DCC86200749A41 /* Debug */ = {
			isa = XCBuildConfiguration;
			buildSettings = {
				ALWAYS_EMBED_SWIFT_STANDARD_LIBRARIES = YES;
				CLANG_ENABLE_MODULES = YES;
				CODE_SIGN_STYLE = Automatic;
				COMBINE_HIDPI_IMAGES = YES;
				DEVELOPMENT_TEAM = U27B56TU48;
				INFOPLIST_FILE = CathayMovieDetailsTests/Info.plist;
				LD_RUNPATH_SEARCH_PATHS = (
					"$(inherited)",
					"@executable_path/../Frameworks",
					"@loader_path/../Frameworks",
				);
				PRODUCT_BUNDLE_IDENTIFIER = com.GanNaSong.CathayMovieDetailsTests;
				PRODUCT_NAME = "$(TARGET_NAME)";
				SUPPORTED_PLATFORMS = "macosx iphoneos iphonesimulator";
				SWIFT_OPTIMIZATION_LEVEL = "-Onone";
				SWIFT_VERSION = 5.0;
			};
			name = Debug;
		};
		49DFF05C26DCC86200749A41 /* Release */ = {
			isa = XCBuildConfiguration;
			buildSettings = {
				ALWAYS_EMBED_SWIFT_STANDARD_LIBRARIES = YES;
				CLANG_ENABLE_MODULES = YES;
				CODE_SIGN_STYLE = Automatic;
				COMBINE_HIDPI_IMAGES = YES;
				DEVELOPMENT_TEAM = U27B56TU48;
				INFOPLIST_FILE = CathayMovieDetailsTests/Info.plist;
				LD_RUNPATH_SEARCH_PATHS = (
					"$(inherited)",
					"@executable_path/../Frameworks",
					"@loader_path/../Frameworks",
				);
				PRODUCT_BUNDLE_IDENTIFIER = com.GanNaSong.CathayMovieDetailsTests;
				PRODUCT_NAME = "$(TARGET_NAME)";
				SUPPORTED_PLATFORMS = "macosx iphoneos iphonesimulator";
				SWIFT_VERSION = 5.0;
			};
			name = Release;
		};
		49DFF08A26DCD25200749A41 /* Debug */ = {
			isa = XCBuildConfiguration;
			buildSettings = {
				CODE_SIGN_STYLE = Automatic;
				DEFINES_MODULE = YES;
				DEVELOPMENT_TEAM = U27B56TU48;
				DYLIB_COMPATIBILITY_VERSION = 1;
				DYLIB_CURRENT_VERSION = 1;
				DYLIB_INSTALL_NAME_BASE = "@rpath";
				INFOPLIST_FILE = CathayMovieDetailsiOS/Info.plist;
				INSTALL_PATH = "$(LOCAL_LIBRARY_DIR)/Frameworks";
				IPHONEOS_DEPLOYMENT_TARGET = 14.5;
				LD_RUNPATH_SEARCH_PATHS = (
					"$(inherited)",
					"@executable_path/Frameworks",
					"@loader_path/Frameworks",
				);
				PRODUCT_BUNDLE_IDENTIFIER = com.GanNaSong.CathayMovieDetailsiOS;
				PRODUCT_NAME = "$(TARGET_NAME:c99extidentifier)";
				SDKROOT = iphoneos;
				SKIP_INSTALL = YES;
				SUPPORTED_PLATFORMS = "iphonesimulator iphoneos macosx";
				SWIFT_VERSION = 5.0;
				TARGETED_DEVICE_FAMILY = "1,2";
			};
			name = Debug;
		};
		49DFF08B26DCD25200749A41 /* Release */ = {
			isa = XCBuildConfiguration;
			buildSettings = {
				CODE_SIGN_STYLE = Automatic;
				DEFINES_MODULE = YES;
				DEVELOPMENT_TEAM = U27B56TU48;
				DYLIB_COMPATIBILITY_VERSION = 1;
				DYLIB_CURRENT_VERSION = 1;
				DYLIB_INSTALL_NAME_BASE = "@rpath";
				INFOPLIST_FILE = CathayMovieDetailsiOS/Info.plist;
				INSTALL_PATH = "$(LOCAL_LIBRARY_DIR)/Frameworks";
				IPHONEOS_DEPLOYMENT_TARGET = 14.5;
				LD_RUNPATH_SEARCH_PATHS = (
					"$(inherited)",
					"@executable_path/Frameworks",
					"@loader_path/Frameworks",
				);
				PRODUCT_BUNDLE_IDENTIFIER = com.GanNaSong.CathayMovieDetailsiOS;
				PRODUCT_NAME = "$(TARGET_NAME:c99extidentifier)";
				SDKROOT = iphoneos;
				SKIP_INSTALL = YES;
				SUPPORTED_PLATFORMS = "iphonesimulator iphoneos macosx";
				SWIFT_VERSION = 5.0;
				TARGETED_DEVICE_FAMILY = "1,2";
				VALIDATE_PRODUCT = YES;
			};
			name = Release;
		};
		49DFF08D26DCD25200749A41 /* Debug */ = {
			isa = XCBuildConfiguration;
			buildSettings = {
				CLANG_ENABLE_MODULES = YES;
				CODE_SIGN_STYLE = Automatic;
				DEVELOPMENT_TEAM = U27B56TU48;
				INFOPLIST_FILE = CathayMovieDetailsiOSTests/Info.plist;
				IPHONEOS_DEPLOYMENT_TARGET = 14.5;
				LD_RUNPATH_SEARCH_PATHS = (
					"$(inherited)",
					"@executable_path/Frameworks",
					"@loader_path/Frameworks",
				);
				PRODUCT_BUNDLE_IDENTIFIER = com.GanNaSong.CathayMovieDetailsiOSTests;
				PRODUCT_NAME = "$(TARGET_NAME)";
				SDKROOT = iphoneos;
				SUPPORTED_PLATFORMS = "iphonesimulator iphoneos macosx";
				SWIFT_OPTIMIZATION_LEVEL = "-Onone";
				SWIFT_VERSION = 5.0;
				TARGETED_DEVICE_FAMILY = "1,2";
			};
			name = Debug;
		};
		49DFF08E26DCD25200749A41 /* Release */ = {
			isa = XCBuildConfiguration;
			buildSettings = {
				CLANG_ENABLE_MODULES = YES;
				CODE_SIGN_STYLE = Automatic;
				DEVELOPMENT_TEAM = U27B56TU48;
				INFOPLIST_FILE = CathayMovieDetailsiOSTests/Info.plist;
				IPHONEOS_DEPLOYMENT_TARGET = 14.5;
				LD_RUNPATH_SEARCH_PATHS = (
					"$(inherited)",
					"@executable_path/Frameworks",
					"@loader_path/Frameworks",
				);
				PRODUCT_BUNDLE_IDENTIFIER = com.GanNaSong.CathayMovieDetailsiOSTests;
				PRODUCT_NAME = "$(TARGET_NAME)";
				SDKROOT = iphoneos;
				SUPPORTED_PLATFORMS = "iphonesimulator iphoneos macosx";
				SWIFT_VERSION = 5.0;
				TARGETED_DEVICE_FAMILY = "1,2";
				VALIDATE_PRODUCT = YES;
			};
			name = Release;
		};
/* End XCBuildConfiguration section */

/* Begin XCConfigurationList section */
		49DFF03D26DCC86200749A41 /* Build configuration list for PBXProject "CathayMovieDetails" */ = {
			isa = XCConfigurationList;
			buildConfigurations = (
				49DFF05526DCC86200749A41 /* Debug */,
				49DFF05626DCC86200749A41 /* Release */,
			);
			defaultConfigurationIsVisible = 0;
			defaultConfigurationName = Release;
		};
		49DFF05726DCC86200749A41 /* Build configuration list for PBXNativeTarget "CathayMovieDetails" */ = {
			isa = XCConfigurationList;
			buildConfigurations = (
				49DFF05826DCC86200749A41 /* Debug */,
				49DFF05926DCC86200749A41 /* Release */,
			);
			defaultConfigurationIsVisible = 0;
			defaultConfigurationName = Release;
		};
		49DFF05A26DCC86200749A41 /* Build configuration list for PBXNativeTarget "CathayMovieDetailsTests" */ = {
			isa = XCConfigurationList;
			buildConfigurations = (
				49DFF05B26DCC86200749A41 /* Debug */,
				49DFF05C26DCC86200749A41 /* Release */,
			);
			defaultConfigurationIsVisible = 0;
			defaultConfigurationName = Release;
		};
		49DFF08926DCD25200749A41 /* Build configuration list for PBXNativeTarget "CathayMovieDetailsiOS" */ = {
			isa = XCConfigurationList;
			buildConfigurations = (
				49DFF08A26DCD25200749A41 /* Debug */,
				49DFF08B26DCD25200749A41 /* Release */,
			);
			defaultConfigurationIsVisible = 0;
			defaultConfigurationName = Release;
		};
		49DFF08C26DCD25200749A41 /* Build configuration list for PBXNativeTarget "CathayMovieDetailsiOSTests" */ = {
			isa = XCConfigurationList;
			buildConfigurations = (
				49DFF08D26DCD25200749A41 /* Debug */,
				49DFF08E26DCD25200749A41 /* Release */,
			);
			defaultConfigurationIsVisible = 0;
			defaultConfigurationName = Release;
		};
/* End XCConfigurationList section */
	};
	rootObject = 49DFF03A26DCC86200749A41 /* Project object */;
}
